// !$*UTF8*$!
{
	archiveVersion = 1;
	classes = {
	};
	objectVersion = 56;
	objects = {

/* Begin PBXBuildFile section */
		A41584FD2DC1C64F00EA2B9E /* APIKeys.plist in Resources */ = {isa = PBXBuildFile; fileRef = A41584FC2DC1C64F00EA2B9E /* APIKeys.plist */; };
		A45176502DDF618A00BB9752 /* XCTest.framework in Frameworks */ = {isa = PBXBuildFile; fileRef = A462BB952DDF1F3D004FCB0E /* XCTest.framework */; platformFilter = ios; };
		A45176512DDF61E400BB9752 /* carrerTests.swift in Sources */ = {isa = PBXBuildFile; fileRef = A4B520BB2DDF1AFF00B71A54 /* carrerTests.swift */; };
		A45176532DE201E500BB9752 /* OnboardingMode.swift in Sources */ = {isa = PBXBuildFile; fileRef = A45176522DE201E500BB9752 /* OnboardingMode.swift */; };
		A45176552DE2022500BB9752 /* OnboardingModeManager.swift in Sources */ = {isa = PBXBuildFile; fileRef = A45176542DE2022500BB9752 /* OnboardingModeManager.swift */; };
		A45176572DE2024A00BB9752 /* OnboardingModeSelectionView.swift in Sources */ = {isa = PBXBuildFile; fileRef = A45176562DE2024A00BB9752 /* OnboardingModeSelectionView.swift */; };
		A462BB962DDF1F3D004FCB0E /* XCTest.framework in Frameworks */ = {isa = PBXBuildFile; fileRef = A462BB952DDF1F3D004FCB0E /* XCTest.framework */; platformFilter = ios; };
		A4B520C22DDF1AFF00B71A54 /* Assets.xcassets in Resources */ = {isa = PBXBuildFile; fileRef = A4B520462DDF1AFF00B71A54 /* Assets.xcassets */; };
		A4B520C32DDF1AFF00B71A54 /* Media.xcassets in Resources */ = {isa = PBXBuildFile; fileRef = A4B520BD2DDF1AFF00B71A54 /* Media.xcassets */; };
		A4B520C42DDF1AFF00B71A54 /* MyPath AI Coach - System Architecture Document.rtf in Resources */ = {isa = PBXBuildFile; fileRef = A4B520BE2DDF1AFF00B71A54 /* MyPath AI Coach - System Architecture Document.rtf */; };
		A4B520C52DDF1AFF00B71A54 /* StepFieldSpec.json in Resources */ = {isa = PBXBuildFile; fileRef = A4B5204A2DDF1AFF00B71A54 /* StepFieldSpec.json */; };
		A4B520C62DDF1AFF00B71A54 /* Preview Assets.xcassets in Resources */ = {isa = PBXBuildFile; fileRef = A4B520472DDF1AFF00B71A54 /* Preview Assets.xcassets */; };
		A4B520C72DDF1AFF00B71A54 /* Implementation Plan.rtf in Resources */ = {isa = PBXBuildFile; fileRef = A4B520BC2DDF1AFF00B71A54 /* Implementation Plan.rtf */; };
		A4B520C82DDF1AFF00B71A54 /* OnboardingTextStyle.swift in Sources */ = {isa = PBXBuildFile; fileRef = A4B5206C2DDF1AFF00B71A54 /* OnboardingTextStyle.swift */; };
		A4B520C92DDF1AFF00B71A54 /* LearningPathView.swift in Sources */ = {isa = PBXBuildFile; fileRef = A4B5208E2DDF1AFF00B71A54 /* LearningPathView.swift */; };
		A4B520CA2DDF1AFF00B71A54 /* SocialSignInButton.swift in Sources */ = {isa = PBXBuildFile; fileRef = A4B520A02DDF1AFF00B71A54 /* SocialSignInButton.swift */; };
		A4B520CB2DDF1AFF00B71A54 /* Updated_CareerRecommendation_Career_Development_Score.mlmodel in Sources */ = {isa = PBXBuildFile; fileRef = A4B520402DDF1AFF00B71A54 /* Updated_CareerRecommendation_Career_Development_Score.mlmodel */; };
		A4B520CC2DDF1AFF00B71A54 /* VoiceAssistantOverlay.swift in Sources */ = {isa = PBXBuildFile; fileRef = A4B520832DDF1AFF00B71A54 /* VoiceAssistantOverlay.swift */; };
		A4B520CD2DDF1AFF00B71A54 /* CareerTracksSection.swift in Sources */ = {isa = PBXBuildFile; fileRef = A4B520892DDF1AFF00B71A54 /* CareerTracksSection.swift */; };
		A4B520CE2DDF1AFF00B71A54 /* FavoritesSectionView.swift in Sources */ = {isa = PBXBuildFile; fileRef = A4B5208B2DDF1AFF00B71A54 /* FavoritesSectionView.swift */; };
		A4B520CF2DDF1AFF00B71A54 /* ConversationModel.xcdatamodeld in Sources */ = {isa = PBXBuildFile; fileRef = A4B5203F2DDF1AFF00B71A54 /* ConversationModel.xcdatamodeld */; };
		A4B520D02DDF1AFF00B71A54 /* StudentLevelView.swift in Sources */ = {isa = PBXBuildFile; fileRef = A4B520B22DDF1AFF00B71A54 /* StudentLevelView.swift */; };
		A4B520D12DDF1AFF00B71A54 /* CareerTrack.swift in Sources */ = {isa = PBXBuildFile; fileRef = A4B520302DDF1AFF00B71A54 /* CareerTrack.swift */; };
		A4B520D22DDF1AFF00B71A54 /* ConversationStore.swift in Sources */ = {isa = PBXBuildFile; fileRef = A4B520762DDF1AFF00B71A54 /* ConversationStore.swift */; };
		A4B520D32DDF1AFF00B71A54 /* FavoriteSubjectsView.swift in Sources */ = {isa = PBXBuildFile; fileRef = A4B520A92DDF1AFF00B71A54 /* FavoriteSubjectsView.swift */; };
		A4B520D42DDF1AFF00B71A54 /* CareerTrackOverviewView.swift in Sources */ = {isa = PBXBuildFile; fileRef = A4B520872DDF1AFF00B71A54 /* CareerTrackOverviewView.swift */; };
		A4B520D52DDF1AFF00B71A54 /* SelectionOption.swift in Sources */ = {isa = PBXBuildFile; fileRef = A4B520382DDF1AFF00B71A54 /* SelectionOption.swift */; };
		A4B520D62DDF1AFF00B71A54 /* JobCard.swift in Sources */ = {isa = PBXBuildFile; fileRef = A4B5209A2DDF1AFF00B71A54 /* JobCard.swift */; };
		A4B520D72DDF1AFF00B71A54 /* HeaderView.swift in Sources */ = {isa = PBXBuildFile; fileRef = A4B520982DDF1AFF00B71A54 /* HeaderView.swift */; };
		A4B520D82DDF1AFF00B71A54 /* ChatBubble.swift in Sources */ = {isa = PBXBuildFile; fileRef = A4B520812DDF1AFF00B71A54 /* ChatBubble.swift */; };
		A4B520D92DDF1AFF00B71A54 /* RoundedCorner.swift in Sources */ = {isa = PBXBuildFile; fileRef = A4B5206D2DDF1AFF00B71A54 /* RoundedCorner.swift */; };
		A4B520DA2DDF1AFF00B71A54 /* MilestoneStatus.swift in Sources */ = {isa = PBXBuildFile; fileRef = A4B520332DDF1AFF00B71A54 /* MilestoneStatus.swift */; };
		A4B520DB2DDF1AFF00B71A54 /* HowDidYouHearAboutUsView.swift in Sources */ = {isa = PBXBuildFile; fileRef = A4B520AB2DDF1AFF00B71A54 /* HowDidYouHearAboutUsView.swift */; };
		A4B520DC2DDF1AFF00B71A54 /* Milestone.swift in Sources */ = {isa = PBXBuildFile; fileRef = A4B520322DDF1AFF00B71A54 /* Milestone.swift */; };
		A4B520DD2DDF1AFF00B71A54 /* CareerTrackSectionView.swift in Sources */ = {isa = PBXBuildFile; fileRef = A4B520882DDF1AFF00B71A54 /* CareerTrackSectionView.swift */; };
		A4B520DE2DDF1AFF00B71A54 /* AITool.swift in Sources */ = {isa = PBXBuildFile; fileRef = A4B520542DDF1AFF00B71A54 /* AITool.swift */; };
		A4B520DF2DDF1AFF00B71A54 /* CareerLearningSection.swift in Sources */ = {isa = PBXBuildFile; fileRef = A4B520852DDF1AFF00B71A54 /* CareerLearningSection.swift */; };
		A4B520E02DDF1AFF00B71A54 /* OnboardingMigration.swift in Sources */ = {isa = PBXBuildFile; fileRef = A4B5205E2DDF1AFF00B71A54 /* OnboardingMigration.swift */; };
		A4B520E12DDF1AFF00B71A54 /* AppFlowState.swift in Sources */ = {isa = PBXBuildFile; fileRef = A4B520672DDF1AFF00B71A54 /* AppFlowState.swift */; };
		A4B520E22DDF1AFF00B71A54 /* CareerInterestsView.swift in Sources */ = {isa = PBXBuildFile; fileRef = A4B520A52DDF1AFF00B71A54 /* CareerInterestsView.swift */; };
		A4B520E32DDF1AFF00B71A54 /* TimelineView.swift in Sources */ = {isa = PBXBuildFile; fileRef = A4B520A22DDF1AFF00B71A54 /* TimelineView.swift */; };
		A4B520E42DDF1AFF00B71A54 /* CareerInterestPatternView.swift in Sources */ = {isa = PBXBuildFile; fileRef = A4B520952DDF1AFF00B71A54 /* CareerInterestPatternView.swift */; };
		A4B520E52DDF1AFF00B71A54 /* JobCarousel.swift in Sources */ = {isa = PBXBuildFile; fileRef = A4B5209B2DDF1AFF00B71A54 /* JobCarousel.swift */; };
		A4B520E62DDF1AFF00B71A54 /* InterestCircle.swift in Sources */ = {isa = PBXBuildFile; fileRef = A4B520992DDF1AFF00B71A54 /* InterestCircle.swift */; };
		A4B520E72DDF1AFF00B71A54 /* Updated_CareerRecommendation_Technical_Expertise_Score.mlmodel in Sources */ = {isa = PBXBuildFile; fileRef = A4B520442DDF1AFF00B71A54 /* Updated_CareerRecommendation_Technical_Expertise_Score.mlmodel */; };
		A4B520E82DDF1AFF00B71A54 /* Spacing.swift in Sources */ = {isa = PBXBuildFile; fileRef = A4B520722DDF1AFF00B71A54 /* Spacing.swift */; };
		A4B520E92DDF1AFF00B71A54 /* ChatMessage.swift in Sources */ = {isa = PBXBuildFile; fileRef = A4B5202C2DDF1AFF00B71A54 /* ChatMessage.swift */; };
		A4B520EA2DDF1AFF00B71A54 /* CareerReadinessView.swift in Sources */ = {isa = PBXBuildFile; fileRef = A4B520862DDF1AFF00B71A54 /* CareerReadinessView.swift */; };
		A4B520EB2DDF1AFF00B71A54 /* StepFieldSpec.swift in Sources */ = {isa = PBXBuildFile; fileRef = A4B520392DDF1AFF00B71A54 /* StepFieldSpec.swift */; };
		A4B520EC2DDF1AFF00B71A54 /* GetNameView.swift in Sources */ = {isa = PBXBuildFile; fileRef = A4B520AA2DDF1AFF00B71A54 /* GetNameView.swift */; };
		A4B520ED2DDF1AFF00B71A54 /* RIASECQuestion.swift in Sources */ = {isa = PBXBuildFile; fileRef = A4B520342DDF1AFF00B71A54 /* RIASECQuestion.swift */; };
		A4B520EE2DDF1AFF00B71A54 /* UpdateFieldTool.swift in Sources */ = {isa = PBXBuildFile; fileRef = A4B520572DDF1AFF00B71A54 /* UpdateFieldTool.swift */; };
		A4B520EF2DDF1AFF00B71A54 /* MyPathApp.swift in Sources */ = {isa = PBXBuildFile; fileRef = A4B520BF2DDF1AFF00B71A54 /* MyPathApp.swift */; };
		A4B520F02DDF1AFF00B71A54 /* ResourcesSection.swift in Sources */ = {isa = PBXBuildFile; fileRef = A4B520922DDF1AFF00B71A54 /* ResourcesSection.swift */; };
		A4B520F12DDF1AFF00B71A54 /* OnboardingDTO.swift in Sources */ = {isa = PBXBuildFile; fileRef = A4B520602DDF1AFF00B71A54 /* OnboardingDTO.swift */; };
		A4B520F22DDF1AFF00B71A54 /* HeaderSection.swift in Sources */ = {isa = PBXBuildFile; fileRef = A4B5208C2DDF1AFF00B71A54 /* HeaderSection.swift */; };
		A4B520F32DDF1AFF00B71A54 /* RIASECQuestionView.swift in Sources */ = {isa = PBXBuildFile; fileRef = A4B520B12DDF1AFF00B71A54 /* RIASECQuestionView.swift */; };
		A4B520F42DDF1AFF00B71A54 /* ExtracurricularActivitiesView.swift in Sources */ = {isa = PBXBuildFile; fileRef = A4B520A82DDF1AFF00B71A54 /* ExtracurricularActivitiesView.swift */; };
		A4B520F52DDF1AFF00B71A54 /* CurrentStatusView.swift in Sources */ = {isa = PBXBuildFile; fileRef = A4B520A72DDF1AFF00B71A54 /* CurrentStatusView.swift */; };
		A4B520F62DDF1AFF00B71A54 /* JobMatchCard.swift in Sources */ = {isa = PBXBuildFile; fileRef = A4B5209C2DDF1AFF00B71A54 /* JobMatchCard.swift */; };
		A4B520F72DDF1AFF00B71A54 /* OnboardingSecondaryTextStyle.swift in Sources */ = {isa = PBXBuildFile; fileRef = A4B5206B2DDF1AFF00B71A54 /* OnboardingSecondaryTextStyle.swift */; };
		A4B520F82DDF1AFF00B71A54 /* AppCoordinator.swift in Sources */ = {isa = PBXBuildFile; fileRef = A4B5207C2DDF1AFF00B71A54 /* AppCoordinator.swift */; };
		A4B520F92DDF1AFF00B71A54 /* Collection+SafeSubscript.swift in Sources */ = {isa = PBXBuildFile; fileRef = A4B520692DDF1AFF00B71A54 /* Collection+SafeSubscript.swift */; };
		A4B520FA2DDF1AFF00B71A54 /* PersistenceController.swift in Sources */ = {isa = PBXBuildFile; fileRef = A4B520522DDF1AFF00B71A54 /* PersistenceController.swift */; };
		A4B520FB2DDF1AFF00B71A54 /* ResourceCard.swift in Sources */ = {isa = PBXBuildFile; fileRef = A4B5209F2DDF1AFF00B71A54 /* ResourceCard.swift */; };
		A4B520FC2DDF1AFF00B71A54 /* MilestoneCard.swift in Sources */ = {isa = PBXBuildFile; fileRef = A4B5209D2DDF1AFF00B71A54 /* MilestoneCard.swift */; };
		A4B520FD2DDF1AFF00B71A54 /* TypingIndicator.swift in Sources */ = {isa = PBXBuildFile; fileRef = A4B520822DDF1AFF00B71A54 /* TypingIndicator.swift */; };
		A4B520FE2DDF1AFF00B71A54 /* UserDataKey.swift in Sources */ = {isa = PBXBuildFile; fileRef = A4B5203C2DDF1AFF00B71A54 /* UserDataKey.swift */; };
		A4B520FF2DDF1AFF00B71A54 /* NextStepItem.swift in Sources */ = {isa = PBXBuildFile; fileRef = A4B5209E2DDF1AFF00B71A54 /* NextStepItem.swift */; };
		A4B521002DDF1AFF00B71A54 /* OnboardingStoreKey.swift in Sources */ = {isa = PBXBuildFile; fileRef = A4B5205C2DDF1AFF00B71A54 /* OnboardingStoreKey.swift */; };
		A4B521012DDF1AFF00B71A54 /* SupabaseService.swift in Sources */ = {isa = PBXBuildFile; fileRef = A4B520502DDF1AFF00B71A54 /* SupabaseService.swift */; };
		A4B521022DDF1AFF00B71A54 /* ToolRegistry.swift in Sources */ = {isa = PBXBuildFile; fileRef = A4B520562DDF1AFF00B71A54 /* ToolRegistry.swift */; };
		A4B521032DDF1AFF00B71A54 /* Updated_CareerRecommendation_Job_Complexity_Score.mlmodel in Sources */ = {isa = PBXBuildFile; fileRef = A4B520412DDF1AFF00B71A54 /* Updated_CareerRecommendation_Job_Complexity_Score.mlmodel */; };
		A4B521042DDF1AFF00B71A54 /* Usage.swift in Sources */ = {isa = PBXBuildFile; fileRef = A4B5203B2DDF1AFF00B71A54 /* Usage.swift */; };
		A4B521052DDF1AFF00B71A54 /* OnboardingRouter.swift in Sources */ = {isa = PBXBuildFile; fileRef = A4B520622DDF1AFF00B71A54 /* OnboardingRouter.swift */; };
		A4B521062DDF1AFF00B71A54 /* APIConfig.swift in Sources */ = {isa = PBXBuildFile; fileRef = A4B5204E2DDF1AFF00B71A54 /* APIConfig.swift */; };
		A4B521072DDF1AFF00B71A54 /* RIASECDimension.swift in Sources */ = {isa = PBXBuildFile; fileRef = A4B520372DDF1AFF00B71A54 /* RIASECDimension.swift */; };
		A4B521082DDF1AFF00B71A54 /* CompletionScreenView.swift in Sources */ = {isa = PBXBuildFile; fileRef = A4B520A62DDF1AFF00B71A54 /* CompletionScreenView.swift */; };
		A4B521092DDF1AFF00B71A54 /* SecureOnboardingCleanupTask.swift in Sources */ = {isa = PBXBuildFile; fileRef = A4B5205A2DDF1AFF00B71A54 /* SecureOnboardingCleanupTask.swift */; };
		A4B5210A2DDF1AFF00B71A54 /* AppViewModel.swift in Sources */ = {isa = PBXBuildFile; fileRef = A4B5207D2DDF1AFF00B71A54 /* AppViewModel.swift */; };
		A4B5210B2DDF1AFF00B71A54 /* WelcomeMessageView.swift in Sources */ = {isa = PBXBuildFile; fileRef = A4B520B32DDF1AFF00B71A54 /* WelcomeMessageView.swift */; };
		A4B5210C2DDF1AFF00B71A54 /* OnboardingStep.swift in Sources */ = {isa = PBXBuildFile; fileRef = A4B520362DDF1AFF00B71A54 /* OnboardingStep.swift */; };
		A4B5210D2DDF1AFF00B71A54 /* SecureOnboardingStore.swift in Sources */ = {isa = PBXBuildFile; fileRef = A4B520642DDF1AFF00B71A54 /* SecureOnboardingStore.swift */; };
		A4B5210E2DDF1AFF00B71A54 /* Updated_CareerRecommendation_Social_Interaction_Score.mlmodel in Sources */ = {isa = PBXBuildFile; fileRef = A4B520432DDF1AFF00B71A54 /* Updated_CareerRecommendation_Social_Interaction_Score.mlmodel */; };
		A4B5210F2DDF1AFF00B71A54 /* CareerTrackCard.swift in Sources */ = {isa = PBXBuildFile; fileRef = A4B520962DDF1AFF00B71A54 /* CareerTrackCard.swift */; };
		A4B521102DDF1AFF00B71A54 /* AIAssistantViewModel.swift in Sources */ = {isa = PBXBuildFile; fileRef = A4B520752DDF1AFF00B71A54 /* AIAssistantViewModel.swift */; };
		A4B521112DDF1AFF00B71A54 /* OnboardingView.swift in Sources */ = {isa = PBXBuildFile; fileRef = A4B520B02DDF1AFF00B71A54 /* OnboardingView.swift */; };
		A4B521122DDF1AFF00B71A54 /* AppColors.swift in Sources */ = {isa = PBXBuildFile; fileRef = A4B520702DDF1AFF00B71A54 /* AppColors.swift */; };
		A4B521132DDF1AFF00B71A54 /* ToolError.swift in Sources */ = {isa = PBXBuildFile; fileRef = A4B520552DDF1AFF00B71A54 /* ToolError.swift */; };
		A4B521142DDF1AFF00B71A54 /* RecommendedNextStepsView.swift in Sources */ = {isa = PBXBuildFile; fileRef = A4B520912DDF1AFF00B71A54 /* RecommendedNextStepsView.swift */; };
		A4B521152DDF1AFF00B71A54 /* MotivationalMessageView.swift in Sources */ = {isa = PBXBuildFile; fileRef = A4B520AF2DDF1AFF00B71A54 /* MotivationalMessageView.swift */; };
		A4B521162DDF1AFF00B71A54 /* JobDetailView.swift in Sources */ = {isa = PBXBuildFile; fileRef = A4B5208D2DDF1AFF00B71A54 /* JobDetailView.swift */; };
		A4B521172DDF1AFF00B71A54 /* Job.swift in Sources */ = {isa = PBXBuildFile; fileRef = A4B520312DDF1AFF00B71A54 /* Job.swift */; };
		A4B521182DDF1AFF00B71A54 /* TimelineItem.swift in Sources */ = {isa = PBXBuildFile; fileRef = A4B520A12DDF1AFF00B71A54 /* TimelineItem.swift */; };
		A4B521192DDF1AFF00B71A54 /* Updated_CareerRecommendation_Physical_Demands_Score.mlmodel in Sources */ = {isa = PBXBuildFile; fileRef = A4B520422DDF1AFF00B71A54 /* Updated_CareerRecommendation_Physical_Demands_Score.mlmodel */; };
		A4B5211A2DDF1AFF00B71A54 /* ResponseChunk.swift in Sources */ = {isa = PBXBuildFile; fileRef = A4B5202E2DDF1AFF00B71A54 /* ResponseChunk.swift */; };
		A4B5211B2DDF1AFF00B71A54 /* IconSize.swift in Sources */ = {isa = PBXBuildFile; fileRef = A4B520712DDF1AFF00B71A54 /* IconSize.swift */; };
		A4B5211C2DDF1AFF00B71A54 /* CircleView.swift in Sources */ = {isa = PBXBuildFile; fileRef = A4B520972DDF1AFF00B71A54 /* CircleView.swift */; };
		A4B5211D2DDF1AFF00B71A54 /* MainAppView.swift in Sources */ = {isa = PBXBuildFile; fileRef = A4B520B72DDF1AFF00B71A54 /* MainAppView.swift */; };
		A4B5211E2DDF1AFF00B71A54 /* LearningResourcesView.swift in Sources */ = {isa = PBXBuildFile; fileRef = A4B5208F2DDF1AFF00B71A54 /* LearningResourcesView.swift */; };
		A4B5211F2DDF1AFF00B71A54 /* RIASECScoreCalculator.swift in Sources */ = {isa = PBXBuildFile; fileRef = A4B520782DDF1AFF00B71A54 /* RIASECScoreCalculator.swift */; };
		A4B521202DDF1AFF00B71A54 /* SplashScreen.swift in Sources */ = {isa = PBXBuildFile; fileRef = A4B520B82DDF1AFF00B71A54 /* SplashScreen.swift */; };
		A4B521212DDF1AFF00B71A54 /* ContentView.swift in Sources */ = {isa = PBXBuildFile; fileRef = A4B520B62DDF1AFF00B71A54 /* ContentView.swift */; };
		A4B521222DDF1AFF00B71A54 /* Conversation.swift in Sources */ = {isa = PBXBuildFile; fileRef = A4B5202D2DDF1AFF00B71A54 /* Conversation.swift */; };
		A4B521232DDF1AFF00B71A54 /* OpenAIService.swift in Sources */ = {isa = PBXBuildFile; fileRef = A4B5204C2DDF1AFF00B71A54 /* OpenAIService.swift */; };
		A4B521242DDF1AFF00B71A54 /* LoadingScreenView.swift in Sources */ = {isa = PBXBuildFile; fileRef = A4B520AD2DDF1AFF00B71A54 /* LoadingScreenView.swift */; };
		A4B521252DDF1AFF00B71A54 /* NetworkMonitor.swift in Sources */ = {isa = PBXBuildFile; fileRef = A4B5204F2DDF1AFF00B71A54 /* NetworkMonitor.swift */; };
		A4B521262DDF1AFF00B71A54 /* WelcomeView.swift in Sources */ = {isa = PBXBuildFile; fileRef = A4B520B42DDF1AFF00B71A54 /* WelcomeView.swift */; };
		A4B521272DDF1AFF00B71A54 /* ActionCard.swift in Sources */ = {isa = PBXBuildFile; fileRef = A4B520942DDF1AFF00B71A54 /* ActionCard.swift */; };
		A4B521282DDF1AFF00B71A54 /* LoginView.swift in Sources */ = {isa = PBXBuildFile; fileRef = A4B520AE2DDF1AFF00B71A54 /* LoginView.swift */; };
		A4B521292DDF1AFF00B71A54 /* OnboardingStore.swift in Sources */ = {isa = PBXBuildFile; fileRef = A4B5207A2DDF1AFF00B71A54 /* OnboardingStore.swift */; };
		A4B5212A2DDF1AFF00B71A54 /* RecommendedCareersSection.swift in Sources */ = {isa = PBXBuildFile; fileRef = A4B520902DDF1AFF00B71A54 /* RecommendedCareersSection.swift */; };
		A4B5212B2DDF1AFF00B71A54 /* AccountCreationPromptView.swift in Sources */ = {isa = PBXBuildFile; fileRef = A4B520A42DDF1AFF00B71A54 /* AccountCreationPromptView.swift */; };
		A4B5212D2DDF1AFF00B71A54 /* InterestProfileView.swift in Sources */ = {isa = PBXBuildFile; fileRef = A4B520AC2DDF1AFF00B71A54 /* InterestProfileView.swift */; };
		A4B5212E2DDF1AFF00B71A54 /* AIAssistantOverlay.swift in Sources */ = {isa = PBXBuildFile; fileRef = A4B520802DDF1AFF00B71A54 /* AIAssistantOverlay.swift */; };
		A4B5212F2DDF1AFF00B71A54 /* CareerTracksView.swift in Sources */ = {isa = PBXBuildFile; fileRef = A4B5208A2DDF1AFF00B71A54 /* CareerTracksView.swift */; };
		A4C5A5BE2CAF97FC00D187EB /* carrerUITestsLaunchTests.swift in Sources */ = {isa = PBXBuildFile; fileRef = A4C5A5BD2CAF97FC00D187EB /* carrerUITestsLaunchTests.swift */; };
		A4DDE50F2CC69A5F00E829E7 /* FirebaseAuth in Frameworks */ = {isa = PBXBuildFile; productRef = A4DDE50E2CC69A5F00E829E7 /* FirebaseAuth */; };
		A4DDE5112CC69A5F00E829E7 /* FirebaseCore in Frameworks */ = {isa = PBXBuildFile; productRef = A4DDE5102CC69A5F00E829E7 /* FirebaseCore */; };
		A4DDE5132CC69A5F00E829E7 /* FirebaseFirestore in Frameworks */ = {isa = PBXBuildFile; productRef = A4DDE5122CC69A5F00E829E7 /* FirebaseFirestore */; };
		A4DDE5152CC6A80D00E829E7 /* GoogleService-Info.plist in Resources */ = {isa = PBXBuildFile; fileRef = A4DDE5142CC6A80D00E829E7 /* GoogleService-Info.plist */; };
/* End PBXBuildFile section */

/* Begin PBXContainerItemProxy section */
		A4C5A5AE2CAF97FC00D187EB /* PBXContainerItemProxy */ = {
			isa = PBXContainerItemProxy;
			containerPortal = A4C5A5932CAF97F900D187EB /* Project object */;
			proxyType = 1;
			remoteGlobalIDString = A4C5A59A2CAF97F900D187EB;
			remoteInfo = carrer;
		};
		A4C5A5B82CAF97FC00D187EB /* PBXContainerItemProxy */ = {
			isa = PBXContainerItemProxy;
			containerPortal = A4C5A5932CAF97F900D187EB /* Project object */;
			proxyType = 1;
			remoteGlobalIDString = A4C5A59A2CAF97F900D187EB;
			remoteInfo = carrer;
		};
/* End PBXContainerItemProxy section */

/* Begin PBXFileReference section */
		A41584FC2DC1C64F00EA2B9E /* APIKeys.plist */ = {isa = PBXFileReference; lastKnownFileType = text.plist.xml; path = APIKeys.plist; sourceTree = "<group>"; };
		A45176522DE201E500BB9752 /* OnboardingMode.swift */ = {isa = PBXFileReference; lastKnownFileType = sourcecode.swift; path = OnboardingMode.swift; sourceTree = "<group>"; };
		A45176542DE2022500BB9752 /* OnboardingModeManager.swift */ = {isa = PBXFileReference; lastKnownFileType = sourcecode.swift; path = OnboardingModeManager.swift; sourceTree = "<group>"; };
		A45176562DE2024A00BB9752 /* OnboardingModeSelectionView.swift */ = {isa = PBXFileReference; lastKnownFileType = sourcecode.swift; path = OnboardingModeSelectionView.swift; sourceTree = "<group>"; };
		A462BB942DDF1ECE004FCB0E /* StepFieldSpecTests.swift */ = {isa = PBXFileReference; lastKnownFileType = sourcecode.swift; path = StepFieldSpecTests.swift; sourceTree = "<group>"; };
		A462BB952DDF1F3D004FCB0E /* XCTest.framework */ = {isa = PBXFileReference; lastKnownFileType = wrapper.framework; name = XCTest.framework; path = Platforms/iPhoneOS.platform/Developer/Library/Frameworks/XCTest.framework; sourceTree = DEVELOPER_DIR; };
		A4B5202C2DDF1AFF00B71A54 /* ChatMessage.swift */ = {isa = PBXFileReference; lastKnownFileType = sourcecode.swift; path = ChatMessage.swift; sourceTree = "<group>"; };
		A4B5202D2DDF1AFF00B71A54 /* Conversation.swift */ = {isa = PBXFileReference; lastKnownFileType = sourcecode.swift; path = Conversation.swift; sourceTree = "<group>"; };
		A4B5202E2DDF1AFF00B71A54 /* ResponseChunk.swift */ = {isa = PBXFileReference; lastKnownFileType = sourcecode.swift; path = ResponseChunk.swift; sourceTree = "<group>"; };
		A4B520302DDF1AFF00B71A54 /* CareerTrack.swift */ = {isa = PBXFileReference; lastKnownFileType = sourcecode.swift; path = CareerTrack.swift; sourceTree = "<group>"; };
		A4B520312DDF1AFF00B71A54 /* Job.swift */ = {isa = PBXFileReference; lastKnownFileType = sourcecode.swift; path = Job.swift; sourceTree = "<group>"; };
		A4B520322DDF1AFF00B71A54 /* Milestone.swift */ = {isa = PBXFileReference; lastKnownFileType = sourcecode.swift; path = Milestone.swift; sourceTree = "<group>"; };
		A4B520332DDF1AFF00B71A54 /* MilestoneStatus.swift */ = {isa = PBXFileReference; lastKnownFileType = sourcecode.swift; path = MilestoneStatus.swift; sourceTree = "<group>"; };
		A4B520342DDF1AFF00B71A54 /* RIASECQuestion.swift */ = {isa = PBXFileReference; lastKnownFileType = sourcecode.swift; path = RIASECQuestion.swift; sourceTree = "<group>"; };
		A4B520362DDF1AFF00B71A54 /* OnboardingStep.swift */ = {isa = PBXFileReference; lastKnownFileType = sourcecode.swift; path = OnboardingStep.swift; sourceTree = "<group>"; };
		A4B520372DDF1AFF00B71A54 /* RIASECDimension.swift */ = {isa = PBXFileReference; lastKnownFileType = sourcecode.swift; path = RIASECDimension.swift; sourceTree = "<group>"; };
		A4B520382DDF1AFF00B71A54 /* SelectionOption.swift */ = {isa = PBXFileReference; lastKnownFileType = sourcecode.swift; path = SelectionOption.swift; sourceTree = "<group>"; };
		A4B520392DDF1AFF00B71A54 /* StepFieldSpec.swift */ = {isa = PBXFileReference; lastKnownFileType = sourcecode.swift; path = StepFieldSpec.swift; sourceTree = "<group>"; };
		A4B5203B2DDF1AFF00B71A54 /* Usage.swift */ = {isa = PBXFileReference; lastKnownFileType = sourcecode.swift; path = Usage.swift; sourceTree = "<group>"; };
		A4B5203C2DDF1AFF00B71A54 /* UserDataKey.swift */ = {isa = PBXFileReference; lastKnownFileType = sourcecode.swift; path = UserDataKey.swift; sourceTree = "<group>"; };
		A4B520402DDF1AFF00B71A54 /* Updated_CareerRecommendation_Career_Development_Score.mlmodel */ = {isa = PBXFileReference; lastKnownFileType = file.mlmodel; path = Updated_CareerRecommendation_Career_Development_Score.mlmodel; sourceTree = "<group>"; };
		A4B520412DDF1AFF00B71A54 /* Updated_CareerRecommendation_Job_Complexity_Score.mlmodel */ = {isa = PBXFileReference; lastKnownFileType = file.mlmodel; path = Updated_CareerRecommendation_Job_Complexity_Score.mlmodel; sourceTree = "<group>"; };
		A4B520422DDF1AFF00B71A54 /* Updated_CareerRecommendation_Physical_Demands_Score.mlmodel */ = {isa = PBXFileReference; lastKnownFileType = file.mlmodel; path = Updated_CareerRecommendation_Physical_Demands_Score.mlmodel; sourceTree = "<group>"; };
		A4B520432DDF1AFF00B71A54 /* Updated_CareerRecommendation_Social_Interaction_Score.mlmodel */ = {isa = PBXFileReference; lastKnownFileType = file.mlmodel; path = Updated_CareerRecommendation_Social_Interaction_Score.mlmodel; sourceTree = "<group>"; };
		A4B520442DDF1AFF00B71A54 /* Updated_CareerRecommendation_Technical_Expertise_Score.mlmodel */ = {isa = PBXFileReference; lastKnownFileType = file.mlmodel; path = Updated_CareerRecommendation_Technical_Expertise_Score.mlmodel; sourceTree = "<group>"; };
		A4B520462DDF1AFF00B71A54 /* Assets.xcassets */ = {isa = PBXFileReference; lastKnownFileType = folder.assetcatalog; path = Assets.xcassets; sourceTree = "<group>"; };
		A4B520472DDF1AFF00B71A54 /* Preview Assets.xcassets */ = {isa = PBXFileReference; lastKnownFileType = folder.assetcatalog; path = "Preview Assets.xcassets"; sourceTree = "<group>"; };
		A4B5204A2DDF1AFF00B71A54 /* StepFieldSpec.json */ = {isa = PBXFileReference; lastKnownFileType = text.json; path = StepFieldSpec.json; sourceTree = "<group>"; };
		A4B5204C2DDF1AFF00B71A54 /* OpenAIService.swift */ = {isa = PBXFileReference; lastKnownFileType = sourcecode.swift; path = OpenAIService.swift; sourceTree = "<group>"; };
		A4B5204E2DDF1AFF00B71A54 /* APIConfig.swift */ = {isa = PBXFileReference; lastKnownFileType = sourcecode.swift; path = APIConfig.swift; sourceTree = "<group>"; };
		A4B5204F2DDF1AFF00B71A54 /* NetworkMonitor.swift */ = {isa = PBXFileReference; lastKnownFileType = sourcecode.swift; path = NetworkMonitor.swift; sourceTree = "<group>"; };
		A4B520502DDF1AFF00B71A54 /* SupabaseService.swift */ = {isa = PBXFileReference; lastKnownFileType = sourcecode.swift; path = SupabaseService.swift; sourceTree = "<group>"; };
		A4B520522DDF1AFF00B71A54 /* PersistenceController.swift */ = {isa = PBXFileReference; lastKnownFileType = sourcecode.swift; path = PersistenceController.swift; sourceTree = "<group>"; };
		A4B520542DDF1AFF00B71A54 /* AITool.swift */ = {isa = PBXFileReference; lastKnownFileType = sourcecode.swift; path = AITool.swift; sourceTree = "<group>"; };
		A4B520552DDF1AFF00B71A54 /* ToolError.swift */ = {isa = PBXFileReference; lastKnownFileType = sourcecode.swift; path = ToolError.swift; sourceTree = "<group>"; };
		A4B520562DDF1AFF00B71A54 /* ToolRegistry.swift */ = {isa = PBXFileReference; lastKnownFileType = sourcecode.swift; path = ToolRegistry.swift; sourceTree = "<group>"; };
		A4B520572DDF1AFF00B71A54 /* UpdateFieldTool.swift */ = {isa = PBXFileReference; lastKnownFileType = sourcecode.swift; path = UpdateFieldTool.swift; sourceTree = "<group>"; };
		A4B5205A2DDF1AFF00B71A54 /* SecureOnboardingCleanupTask.swift */ = {isa = PBXFileReference; lastKnownFileType = sourcecode.swift; path = SecureOnboardingCleanupTask.swift; sourceTree = "<group>"; };
		A4B5205C2DDF1AFF00B71A54 /* OnboardingStoreKey.swift */ = {isa = PBXFileReference; lastKnownFileType = sourcecode.swift; path = OnboardingStoreKey.swift; sourceTree = "<group>"; };
		A4B5205E2DDF1AFF00B71A54 /* OnboardingMigration.swift */ = {isa = PBXFileReference; lastKnownFileType = sourcecode.swift; path = OnboardingMigration.swift; sourceTree = "<group>"; };
		A4B520602DDF1AFF00B71A54 /* OnboardingDTO.swift */ = {isa = PBXFileReference; lastKnownFileType = sourcecode.swift; path = OnboardingDTO.swift; sourceTree = "<group>"; };
		A4B520622DDF1AFF00B71A54 /* OnboardingRouter.swift */ = {isa = PBXFileReference; lastKnownFileType = sourcecode.swift; path = OnboardingRouter.swift; sourceTree = "<group>"; };
		A4B520642DDF1AFF00B71A54 /* SecureOnboardingStore.swift */ = {isa = PBXFileReference; lastKnownFileType = sourcecode.swift; path = SecureOnboardingStore.swift; sourceTree = "<group>"; };
		A4B520672DDF1AFF00B71A54 /* AppFlowState.swift */ = {isa = PBXFileReference; lastKnownFileType = sourcecode.swift; path = AppFlowState.swift; sourceTree = "<group>"; };
		A4B520692DDF1AFF00B71A54 /* Collection+SafeSubscript.swift */ = {isa = PBXFileReference; lastKnownFileType = sourcecode.swift; path = "Collection+SafeSubscript.swift"; sourceTree = "<group>"; };
		A4B5206B2DDF1AFF00B71A54 /* OnboardingSecondaryTextStyle.swift */ = {isa = PBXFileReference; lastKnownFileType = sourcecode.swift; path = OnboardingSecondaryTextStyle.swift; sourceTree = "<group>"; };
		A4B5206C2DDF1AFF00B71A54 /* OnboardingTextStyle.swift */ = {isa = PBXFileReference; lastKnownFileType = sourcecode.swift; path = OnboardingTextStyle.swift; sourceTree = "<group>"; };
		A4B5206D2DDF1AFF00B71A54 /* RoundedCorner.swift */ = {isa = PBXFileReference; lastKnownFileType = sourcecode.swift; path = RoundedCorner.swift; sourceTree = "<group>"; };
		A4B520702DDF1AFF00B71A54 /* AppColors.swift */ = {isa = PBXFileReference; lastKnownFileType = sourcecode.swift; path = AppColors.swift; sourceTree = "<group>"; };
		A4B520712DDF1AFF00B71A54 /* IconSize.swift */ = {isa = PBXFileReference; lastKnownFileType = sourcecode.swift; path = IconSize.swift; sourceTree = "<group>"; };
		A4B520722DDF1AFF00B71A54 /* Spacing.swift */ = {isa = PBXFileReference; lastKnownFileType = sourcecode.swift; path = Spacing.swift; sourceTree = "<group>"; };
		A4B520752DDF1AFF00B71A54 /* AIAssistantViewModel.swift */ = {isa = PBXFileReference; lastKnownFileType = sourcecode.swift; path = AIAssistantViewModel.swift; sourceTree = "<group>"; };
		A4B520762DDF1AFF00B71A54 /* ConversationStore.swift */ = {isa = PBXFileReference; lastKnownFileType = sourcecode.swift; path = ConversationStore.swift; sourceTree = "<group>"; };
		A4B520782DDF1AFF00B71A54 /* RIASECScoreCalculator.swift */ = {isa = PBXFileReference; lastKnownFileType = sourcecode.swift; path = RIASECScoreCalculator.swift; sourceTree = "<group>"; };
		A4B5207A2DDF1AFF00B71A54 /* OnboardingStore.swift */ = {isa = PBXFileReference; lastKnownFileType = sourcecode.swift; path = OnboardingStore.swift; sourceTree = "<group>"; };
		A4B5207C2DDF1AFF00B71A54 /* AppCoordinator.swift */ = {isa = PBXFileReference; lastKnownFileType = sourcecode.swift; path = AppCoordinator.swift; sourceTree = "<group>"; };
		A4B5207D2DDF1AFF00B71A54 /* AppViewModel.swift */ = {isa = PBXFileReference; lastKnownFileType = sourcecode.swift; path = AppViewModel.swift; sourceTree = "<group>"; };
		A4B520802DDF1AFF00B71A54 /* AIAssistantOverlay.swift */ = {isa = PBXFileReference; lastKnownFileType = sourcecode.swift; path = AIAssistantOverlay.swift; sourceTree = "<group>"; };
		A4B520812DDF1AFF00B71A54 /* ChatBubble.swift */ = {isa = PBXFileReference; lastKnownFileType = sourcecode.swift; path = ChatBubble.swift; sourceTree = "<group>"; };
		A4B520822DDF1AFF00B71A54 /* TypingIndicator.swift */ = {isa = PBXFileReference; lastKnownFileType = sourcecode.swift; path = TypingIndicator.swift; sourceTree = "<group>"; };
		A4B520832DDF1AFF00B71A54 /* VoiceAssistantOverlay.swift */ = {isa = PBXFileReference; lastKnownFileType = sourcecode.swift; path = VoiceAssistantOverlay.swift; sourceTree = "<group>"; };
		A4B520852DDF1AFF00B71A54 /* CareerLearningSection.swift */ = {isa = PBXFileReference; lastKnownFileType = sourcecode.swift; path = CareerLearningSection.swift; sourceTree = "<group>"; };
		A4B520862DDF1AFF00B71A54 /* CareerReadinessView.swift */ = {isa = PBXFileReference; lastKnownFileType = sourcecode.swift; path = CareerReadinessView.swift; sourceTree = "<group>"; };
		A4B520872DDF1AFF00B71A54 /* CareerTrackOverviewView.swift */ = {isa = PBXFileReference; lastKnownFileType = sourcecode.swift; path = CareerTrackOverviewView.swift; sourceTree = "<group>"; };
		A4B520882DDF1AFF00B71A54 /* CareerTrackSectionView.swift */ = {isa = PBXFileReference; lastKnownFileType = sourcecode.swift; path = CareerTrackSectionView.swift; sourceTree = "<group>"; };
		A4B520892DDF1AFF00B71A54 /* CareerTracksSection.swift */ = {isa = PBXFileReference; lastKnownFileType = sourcecode.swift; path = CareerTracksSection.swift; sourceTree = "<group>"; };
		A4B5208A2DDF1AFF00B71A54 /* CareerTracksView.swift */ = {isa = PBXFileReference; lastKnownFileType = sourcecode.swift; path = CareerTracksView.swift; sourceTree = "<group>"; };
		A4B5208B2DDF1AFF00B71A54 /* FavoritesSectionView.swift */ = {isa = PBXFileReference; lastKnownFileType = sourcecode.swift; path = FavoritesSectionView.swift; sourceTree = "<group>"; };
		A4B5208C2DDF1AFF00B71A54 /* HeaderSection.swift */ = {isa = PBXFileReference; lastKnownFileType = sourcecode.swift; path = HeaderSection.swift; sourceTree = "<group>"; };
		A4B5208D2DDF1AFF00B71A54 /* JobDetailView.swift */ = {isa = PBXFileReference; lastKnownFileType = sourcecode.swift; path = JobDetailView.swift; sourceTree = "<group>"; };
		A4B5208E2DDF1AFF00B71A54 /* LearningPathView.swift */ = {isa = PBXFileReference; lastKnownFileType = sourcecode.swift; path = LearningPathView.swift; sourceTree = "<group>"; };
		A4B5208F2DDF1AFF00B71A54 /* LearningResourcesView.swift */ = {isa = PBXFileReference; lastKnownFileType = sourcecode.swift; path = LearningResourcesView.swift; sourceTree = "<group>"; };
		A4B520902DDF1AFF00B71A54 /* RecommendedCareersSection.swift */ = {isa = PBXFileReference; lastKnownFileType = sourcecode.swift; path = RecommendedCareersSection.swift; sourceTree = "<group>"; };
		A4B520912DDF1AFF00B71A54 /* RecommendedNextStepsView.swift */ = {isa = PBXFileReference; lastKnownFileType = sourcecode.swift; path = RecommendedNextStepsView.swift; sourceTree = "<group>"; };
		A4B520922DDF1AFF00B71A54 /* ResourcesSection.swift */ = {isa = PBXFileReference; lastKnownFileType = sourcecode.swift; path = ResourcesSection.swift; sourceTree = "<group>"; };
		A4B520942DDF1AFF00B71A54 /* ActionCard.swift */ = {isa = PBXFileReference; lastKnownFileType = sourcecode.swift; path = ActionCard.swift; sourceTree = "<group>"; };
		A4B520952DDF1AFF00B71A54 /* CareerInterestPatternView.swift */ = {isa = PBXFileReference; lastKnownFileType = sourcecode.swift; path = CareerInterestPatternView.swift; sourceTree = "<group>"; };
		A4B520962DDF1AFF00B71A54 /* CareerTrackCard.swift */ = {isa = PBXFileReference; lastKnownFileType = sourcecode.swift; path = CareerTrackCard.swift; sourceTree = "<group>"; };
		A4B520972DDF1AFF00B71A54 /* CircleView.swift */ = {isa = PBXFileReference; lastKnownFileType = sourcecode.swift; path = CircleView.swift; sourceTree = "<group>"; };
		A4B520982DDF1AFF00B71A54 /* HeaderView.swift */ = {isa = PBXFileReference; lastKnownFileType = sourcecode.swift; path = HeaderView.swift; sourceTree = "<group>"; };
		A4B520992DDF1AFF00B71A54 /* InterestCircle.swift */ = {isa = PBXFileReference; lastKnownFileType = sourcecode.swift; path = InterestCircle.swift; sourceTree = "<group>"; };
		A4B5209A2DDF1AFF00B71A54 /* JobCard.swift */ = {isa = PBXFileReference; lastKnownFileType = sourcecode.swift; path = JobCard.swift; sourceTree = "<group>"; };
		A4B5209B2DDF1AFF00B71A54 /* JobCarousel.swift */ = {isa = PBXFileReference; lastKnownFileType = sourcecode.swift; path = JobCarousel.swift; sourceTree = "<group>"; };
		A4B5209C2DDF1AFF00B71A54 /* JobMatchCard.swift */ = {isa = PBXFileReference; lastKnownFileType = sourcecode.swift; path = JobMatchCard.swift; sourceTree = "<group>"; };
		A4B5209D2DDF1AFF00B71A54 /* MilestoneCard.swift */ = {isa = PBXFileReference; lastKnownFileType = sourcecode.swift; path = MilestoneCard.swift; sourceTree = "<group>"; };
		A4B5209E2DDF1AFF00B71A54 /* NextStepItem.swift */ = {isa = PBXFileReference; lastKnownFileType = sourcecode.swift; path = NextStepItem.swift; sourceTree = "<group>"; };
		A4B5209F2DDF1AFF00B71A54 /* ResourceCard.swift */ = {isa = PBXFileReference; lastKnownFileType = sourcecode.swift; path = ResourceCard.swift; sourceTree = "<group>"; };
		A4B520A02DDF1AFF00B71A54 /* SocialSignInButton.swift */ = {isa = PBXFileReference; lastKnownFileType = sourcecode.swift; path = SocialSignInButton.swift; sourceTree = "<group>"; };
		A4B520A12DDF1AFF00B71A54 /* TimelineItem.swift */ = {isa = PBXFileReference; lastKnownFileType = sourcecode.swift; path = TimelineItem.swift; sourceTree = "<group>"; };
		A4B520A22DDF1AFF00B71A54 /* TimelineView.swift */ = {isa = PBXFileReference; lastKnownFileType = sourcecode.swift; path = TimelineView.swift; sourceTree = "<group>"; };
		A4B520A42DDF1AFF00B71A54 /* AccountCreationPromptView.swift */ = {isa = PBXFileReference; lastKnownFileType = sourcecode.swift; path = AccountCreationPromptView.swift; sourceTree = "<group>"; };
		A4B520A52DDF1AFF00B71A54 /* CareerInterestsView.swift */ = {isa = PBXFileReference; lastKnownFileType = sourcecode.swift; path = CareerInterestsView.swift; sourceTree = "<group>"; };
		A4B520A62DDF1AFF00B71A54 /* CompletionScreenView.swift */ = {isa = PBXFileReference; lastKnownFileType = sourcecode.swift; path = CompletionScreenView.swift; sourceTree = "<group>"; };
		A4B520A72DDF1AFF00B71A54 /* CurrentStatusView.swift */ = {isa = PBXFileReference; lastKnownFileType = sourcecode.swift; path = CurrentStatusView.swift; sourceTree = "<group>"; };
		A4B520A82DDF1AFF00B71A54 /* ExtracurricularActivitiesView.swift */ = {isa = PBXFileReference; lastKnownFileType = sourcecode.swift; path = ExtracurricularActivitiesView.swift; sourceTree = "<group>"; };
		A4B520A92DDF1AFF00B71A54 /* FavoriteSubjectsView.swift */ = {isa = PBXFileReference; lastKnownFileType = sourcecode.swift; path = FavoriteSubjectsView.swift; sourceTree = "<group>"; };
		A4B520AA2DDF1AFF00B71A54 /* GetNameView.swift */ = {isa = PBXFileReference; lastKnownFileType = sourcecode.swift; path = GetNameView.swift; sourceTree = "<group>"; };
		A4B520AB2DDF1AFF00B71A54 /* HowDidYouHearAboutUsView.swift */ = {isa = PBXFileReference; lastKnownFileType = sourcecode.swift; path = HowDidYouHearAboutUsView.swift; sourceTree = "<group>"; };
		A4B520AC2DDF1AFF00B71A54 /* InterestProfileView.swift */ = {isa = PBXFileReference; lastKnownFileType = sourcecode.swift; path = InterestProfileView.swift; sourceTree = "<group>"; };
		A4B520AD2DDF1AFF00B71A54 /* LoadingScreenView.swift */ = {isa = PBXFileReference; lastKnownFileType = sourcecode.swift; path = LoadingScreenView.swift; sourceTree = "<group>"; };
		A4B520AE2DDF1AFF00B71A54 /* LoginView.swift */ = {isa = PBXFileReference; lastKnownFileType = sourcecode.swift; path = LoginView.swift; sourceTree = "<group>"; };
		A4B520AF2DDF1AFF00B71A54 /* MotivationalMessageView.swift */ = {isa = PBXFileReference; lastKnownFileType = sourcecode.swift; path = MotivationalMessageView.swift; sourceTree = "<group>"; };
		A4B520B02DDF1AFF00B71A54 /* OnboardingView.swift */ = {isa = PBXFileReference; lastKnownFileType = sourcecode.swift; path = OnboardingView.swift; sourceTree = "<group>"; };
		A4B520B12DDF1AFF00B71A54 /* RIASECQuestionView.swift */ = {isa = PBXFileReference; lastKnownFileType = sourcecode.swift; path = RIASECQuestionView.swift; sourceTree = "<group>"; };
		A4B520B22DDF1AFF00B71A54 /* StudentLevelView.swift */ = {isa = PBXFileReference; lastKnownFileType = sourcecode.swift; path = StudentLevelView.swift; sourceTree = "<group>"; };
		A4B520B32DDF1AFF00B71A54 /* WelcomeMessageView.swift */ = {isa = PBXFileReference; lastKnownFileType = sourcecode.swift; path = WelcomeMessageView.swift; sourceTree = "<group>"; };
		A4B520B42DDF1AFF00B71A54 /* WelcomeView.swift */ = {isa = PBXFileReference; lastKnownFileType = sourcecode.swift; path = WelcomeView.swift; sourceTree = "<group>"; };
		A4B520B62DDF1AFF00B71A54 /* ContentView.swift */ = {isa = PBXFileReference; lastKnownFileType = sourcecode.swift; path = ContentView.swift; sourceTree = "<group>"; };
		A4B520B72DDF1AFF00B71A54 /* MainAppView.swift */ = {isa = PBXFileReference; lastKnownFileType = sourcecode.swift; path = MainAppView.swift; sourceTree = "<group>"; };
		A4B520B82DDF1AFF00B71A54 /* SplashScreen.swift */ = {isa = PBXFileReference; lastKnownFileType = sourcecode.swift; path = SplashScreen.swift; sourceTree = "<group>"; };
		A4B520BB2DDF1AFF00B71A54 /* carrerTests.swift */ = {isa = PBXFileReference; lastKnownFileType = sourcecode.swift; path = carrerTests.swift; sourceTree = "<group>"; };
		A4B520BC2DDF1AFF00B71A54 /* Implementation Plan.rtf */ = {isa = PBXFileReference; lastKnownFileType = text.rtf; path = "Implementation Plan.rtf"; sourceTree = "<group>"; };
		A4B520BD2DDF1AFF00B71A54 /* Media.xcassets */ = {isa = PBXFileReference; lastKnownFileType = folder.assetcatalog; path = Media.xcassets; sourceTree = "<group>"; };
		A4B520BE2DDF1AFF00B71A54 /* MyPath AI Coach - System Architecture Document.rtf */ = {isa = PBXFileReference; lastKnownFileType = text.rtf; path = "MyPath AI Coach - System Architecture Document.rtf"; sourceTree = "<group>"; };
		A4B520BF2DDF1AFF00B71A54 /* MyPathApp.swift */ = {isa = PBXFileReference; lastKnownFileType = sourcecode.swift; path = MyPathApp.swift; sourceTree = "<group>"; };
		A4B520C12DDF1AFF00B71A54 /* ConversationModel.xcdatamodel */ = {isa = PBXFileReference; lastKnownFileType = wrapper.xcdatamodel; path = ConversationModel.xcdatamodel; sourceTree = "<group>"; };
		A4C5A59B2CAF97F900D187EB /* carrer.app */ = {isa = PBXFileReference; explicitFileType = wrapper.application; includeInIndex = 0; path = carrer.app; sourceTree = BUILT_PRODUCTS_DIR; };
		A4C5A5AD2CAF97FC00D187EB /* carrerTests.xctest */ = {isa = PBXFileReference; explicitFileType = wrapper.cfbundle; includeInIndex = 0; path = carrerTests.xctest; sourceTree = BUILT_PRODUCTS_DIR; };
		A4C5A5B72CAF97FC00D187EB /* carrerUITests.xctest */ = {isa = PBXFileReference; explicitFileType = wrapper.cfbundle; includeInIndex = 0; path = carrerUITests.xctest; sourceTree = BUILT_PRODUCTS_DIR; };
		A4C5A5BD2CAF97FC00D187EB /* carrerUITestsLaunchTests.swift */ = {isa = PBXFileReference; lastKnownFileType = sourcecode.swift; path = carrerUITestsLaunchTests.swift; sourceTree = "<group>"; };
		A4DDE5142CC6A80D00E829E7 /* GoogleService-Info.plist */ = {isa = PBXFileReference; fileEncoding = 4; lastKnownFileType = text.plist.xml; path = "GoogleService-Info.plist"; sourceTree = "<group>"; };
/* End PBXFileReference section */

/* Begin PBXFrameworksBuildPhase section */
		A4C5A5982CAF97F900D187EB /* Frameworks */ = {
			isa = PBXFrameworksBuildPhase;
			buildActionMask = 2147483647;
			files = (
				A4DDE5112CC69A5F00E829E7 /* FirebaseCore in Frameworks */,
				A4DDE50F2CC69A5F00E829E7 /* FirebaseAuth in Frameworks */,
				A4DDE5132CC69A5F00E829E7 /* FirebaseFirestore in Frameworks */,
			);
			runOnlyForDeploymentPostprocessing = 0;
		};
		A4C5A5AA2CAF97FC00D187EB /* Frameworks */ = {
			isa = PBXFrameworksBuildPhase;
			buildActionMask = 2147483647;
			files = (
				A462BB962DDF1F3D004FCB0E /* XCTest.framework in Frameworks */,
			);
			runOnlyForDeploymentPostprocessing = 0;
		};
		A4C5A5B42CAF97FC00D187EB /* Frameworks */ = {
			isa = PBXFrameworksBuildPhase;
			buildActionMask = 2147483647;
			files = (
				A45176502DDF618A00BB9752 /* XCTest.framework in Frameworks */,
			);
			runOnlyForDeploymentPostprocessing = 0;
		};
/* End PBXFrameworksBuildPhase section */

/* Begin PBXGroup section */
		A4B5202F2DDF1AFF00B71A54 /* AIChat */ = {
			isa = PBXGroup;
			children = (
				A4B5202C2DDF1AFF00B71A54 /* ChatMessage.swift */,
				A4B5202D2DDF1AFF00B71A54 /* Conversation.swift */,
				A4B5202E2DDF1AFF00B71A54 /* ResponseChunk.swift */,
			);
			path = AIChat;
			sourceTree = "<group>";
		};
		A4B520352DDF1AFF00B71A54 /* CareerExplorer */ = {
			isa = PBXGroup;
			children = (
				A4B520302DDF1AFF00B71A54 /* CareerTrack.swift */,
				A4B520312DDF1AFF00B71A54 /* Job.swift */,
				A4B520322DDF1AFF00B71A54 /* Milestone.swift */,
				A4B520332DDF1AFF00B71A54 /* MilestoneStatus.swift */,
				A4B520342DDF1AFF00B71A54 /* RIASECQuestion.swift */,
			);
			path = CareerExplorer;
			sourceTree = "<group>";
		};
		A4B5203A2DDF1AFF00B71A54 /* Onboarding */ = {
			isa = PBXGroup;
			children = (
				A45176522DE201E500BB9752 /* OnboardingMode.swift */,
				A4B520362DDF1AFF00B71A54 /* OnboardingStep.swift */,
				A4B520372DDF1AFF00B71A54 /* RIASECDimension.swift */,
				A4B520382DDF1AFF00B71A54 /* SelectionOption.swift */,
				A4B520392DDF1AFF00B71A54 /* StepFieldSpec.swift */,
			);
			path = Onboarding;
			sourceTree = "<group>";
		};
		A4B5203D2DDF1AFF00B71A54 /* Shared */ = {
			isa = PBXGroup;
			children = (
				A4B5203B2DDF1AFF00B71A54 /* Usage.swift */,
				A4B5203C2DDF1AFF00B71A54 /* UserDataKey.swift */,
			);
			path = Shared;
			sourceTree = "<group>";
		};
		A4B5203E2DDF1AFF00B71A54 /* Models */ = {
			isa = PBXGroup;
			children = (
				A4B5202F2DDF1AFF00B71A54 /* AIChat */,
				A4B520352DDF1AFF00B71A54 /* CareerExplorer */,
				A4B5203A2DDF1AFF00B71A54 /* Onboarding */,
				A4B5203D2DDF1AFF00B71A54 /* Shared */,
			);
			path = Models;
			sourceTree = "<group>";
		};
		A4B520452DDF1AFF00B71A54 /* New */ = {
			isa = PBXGroup;
			children = (
				A4B5203F2DDF1AFF00B71A54 /* ConversationModel.xcdatamodeld */,
				A4B520402DDF1AFF00B71A54 /* Updated_CareerRecommendation_Career_Development_Score.mlmodel */,
				A4B520412DDF1AFF00B71A54 /* Updated_CareerRecommendation_Job_Complexity_Score.mlmodel */,
				A4B520422DDF1AFF00B71A54 /* Updated_CareerRecommendation_Physical_Demands_Score.mlmodel */,
				A4B520432DDF1AFF00B71A54 /* Updated_CareerRecommendation_Social_Interaction_Score.mlmodel */,
				A4B520442DDF1AFF00B71A54 /* Updated_CareerRecommendation_Technical_Expertise_Score.mlmodel */,
			);
			path = New;
			sourceTree = "<group>";
		};
		A4B520482DDF1AFF00B71A54 /* Preview Content */ = {
			isa = PBXGroup;
			children = (
				A4B520462DDF1AFF00B71A54 /* Assets.xcassets */,
				A4B520472DDF1AFF00B71A54 /* Preview Assets.xcassets */,
			);
			path = "Preview Content";
			sourceTree = "<group>";
		};
		A4B520492DDF1AFF00B71A54 /* PreviewContent */ = {
			isa = PBXGroup;
			children = (
			);
			path = PreviewContent;
			sourceTree = "<group>";
		};
		A4B5204B2DDF1AFF00B71A54 /* Resources */ = {
			isa = PBXGroup;
			children = (
				A4B5204A2DDF1AFF00B71A54 /* StepFieldSpec.json */,
			);
			path = Resources;
			sourceTree = "<group>";
		};
		A4B5204D2DDF1AFF00B71A54 /* AI */ = {
			isa = PBXGroup;
			children = (
				A4B5204C2DDF1AFF00B71A54 /* OpenAIService.swift */,
			);
			path = AI;
			sourceTree = "<group>";
		};
		A4B520512DDF1AFF00B71A54 /* Networking */ = {
			isa = PBXGroup;
			children = (
				A4B5204E2DDF1AFF00B71A54 /* APIConfig.swift */,
				A4B5204F2DDF1AFF00B71A54 /* NetworkMonitor.swift */,
				A4B520502DDF1AFF00B71A54 /* SupabaseService.swift */,
			);
			path = Networking;
			sourceTree = "<group>";
		};
		A4B520532DDF1AFF00B71A54 /* Persistence */ = {
			isa = PBXGroup;
			children = (
				A4B520522DDF1AFF00B71A54 /* PersistenceController.swift */,
			);
			path = Persistence;
			sourceTree = "<group>";
		};
		A4B520582DDF1AFF00B71A54 /* Tools */ = {
			isa = PBXGroup;
			children = (
				A4B520542DDF1AFF00B71A54 /* AITool.swift */,
				A4B520552DDF1AFF00B71A54 /* ToolError.swift */,
				A4B520562DDF1AFF00B71A54 /* ToolRegistry.swift */,
				A4B520572DDF1AFF00B71A54 /* UpdateFieldTool.swift */,
			);
			path = Tools;
			sourceTree = "<group>";
		};
		A4B520592DDF1AFF00B71A54 /* Services */ = {
			isa = PBXGroup;
			children = (
				A4B5204D2DDF1AFF00B71A54 /* AI */,
				A4B520512DDF1AFF00B71A54 /* Networking */,
				A4B520532DDF1AFF00B71A54 /* Persistence */,
				A4B520582DDF1AFF00B71A54 /* Tools */,
			);
			path = Services;
			sourceTree = "<group>";
		};
		A4B5205B2DDF1AFF00B71A54 /* BackgroundTasks */ = {
			isa = PBXGroup;
			children = (
				A4B5205A2DDF1AFF00B71A54 /* SecureOnboardingCleanupTask.swift */,
			);
			path = BackgroundTasks;
			sourceTree = "<group>";
		};
		A4B5205D2DDF1AFF00B71A54 /* Environment */ = {
			isa = PBXGroup;
			children = (
				A4B5205C2DDF1AFF00B71A54 /* OnboardingStoreKey.swift */,
			);
			path = Environment;
			sourceTree = "<group>";
		};
		A4B5205F2DDF1AFF00B71A54 /* Migration */ = {
			isa = PBXGroup;
			children = (
				A4B5205E2DDF1AFF00B71A54 /* OnboardingMigration.swift */,
			);
			path = Migration;
			sourceTree = "<group>";
		};
		A4B520612DDF1AFF00B71A54 /* Models */ = {
			isa = PBXGroup;
			children = (
				A4B520602DDF1AFF00B71A54 /* OnboardingDTO.swift */,
			);
			path = Models;
			sourceTree = "<group>";
		};
		A4B520632DDF1AFF00B71A54 /* Onboarding */ = {
			isa = PBXGroup;
			children = (
				A4B5205F2DDF1AFF00B71A54 /* Migration */,
				A4B520612DDF1AFF00B71A54 /* Models */,
				A4B520622DDF1AFF00B71A54 /* OnboardingRouter.swift */,
			);
			path = Onboarding;
			sourceTree = "<group>";
		};
		A4B520652DDF1AFF00B71A54 /* Security */ = {
			isa = PBXGroup;
			children = (
				A4B520642DDF1AFF00B71A54 /* SecureOnboardingStore.swift */,
			);
			path = Security;
			sourceTree = "<group>";
		};
		A4B520662DDF1AFF00B71A54 /* Sources */ = {
			isa = PBXGroup;
			children = (
				A4B5205B2DDF1AFF00B71A54 /* BackgroundTasks */,
				A4B5205D2DDF1AFF00B71A54 /* Environment */,
				A4B520632DDF1AFF00B71A54 /* Onboarding */,
				A4B520652DDF1AFF00B71A54 /* Security */,
			);
			path = Sources;
			sourceTree = "<group>";
		};
		A4B520682DDF1AFF00B71A54 /* Enums */ = {
			isa = PBXGroup;
			children = (
				A4B520672DDF1AFF00B71A54 /* AppFlowState.swift */,
			);
			path = Enums;
			sourceTree = "<group>";
		};
		A4B5206A2DDF1AFF00B71A54 /* Extensions */ = {
			isa = PBXGroup;
			children = (
				A4B520692DDF1AFF00B71A54 /* Collection+SafeSubscript.swift */,
			);
			path = Extensions;
			sourceTree = "<group>";
		};
		A4B5206E2DDF1AFF00B71A54 /* Modifiers */ = {
			isa = PBXGroup;
			children = (
				A4B5206B2DDF1AFF00B71A54 /* OnboardingSecondaryTextStyle.swift */,
				A4B5206C2DDF1AFF00B71A54 /* OnboardingTextStyle.swift */,
				A4B5206D2DDF1AFF00B71A54 /* RoundedCorner.swift */,
			);
			path = Modifiers;
			sourceTree = "<group>";
		};
		A4B5206F2DDF1AFF00B71A54 /* Buttons */ = {
			isa = PBXGroup;
			children = (
			);
			path = Buttons;
			sourceTree = "<group>";
		};
		A4B520732DDF1AFF00B71A54 /* Style */ = {
			isa = PBXGroup;
			children = (
				A4B5206F2DDF1AFF00B71A54 /* Buttons */,
				A4B520702DDF1AFF00B71A54 /* AppColors.swift */,
				A4B520712DDF1AFF00B71A54 /* IconSize.swift */,
				A4B520722DDF1AFF00B71A54 /* Spacing.swift */,
			);
			path = Style;
			sourceTree = "<group>";
		};
		A4B520742DDF1AFF00B71A54 /* Utilities */ = {
			isa = PBXGroup;
			children = (
				A4B520682DDF1AFF00B71A54 /* Enums */,
				A4B5206A2DDF1AFF00B71A54 /* Extensions */,
				A4B5206E2DDF1AFF00B71A54 /* Modifiers */,
				A4B520732DDF1AFF00B71A54 /* Style */,
			);
			path = Utilities;
			sourceTree = "<group>";
		};
		A4B520772DDF1AFF00B71A54 /* AIChat */ = {
			isa = PBXGroup;
			children = (
				A4B520752DDF1AFF00B71A54 /* AIAssistantViewModel.swift */,
				A4B520762DDF1AFF00B71A54 /* ConversationStore.swift */,
			);
			path = AIChat;
			sourceTree = "<group>";
		};
		A4B520792DDF1AFF00B71A54 /* CareerExplorer */ = {
			isa = PBXGroup;
			children = (
				A4B520782DDF1AFF00B71A54 /* RIASECScoreCalculator.swift */,
			);
			path = CareerExplorer;
			sourceTree = "<group>";
		};
		A4B5207B2DDF1AFF00B71A54 /* Onboarding */ = {
			isa = PBXGroup;
			children = (
				A45176542DE2022500BB9752 /* OnboardingModeManager.swift */,
				A4B5207A2DDF1AFF00B71A54 /* OnboardingStore.swift */,
			);
			path = Onboarding;
			sourceTree = "<group>";
		};
		A4B5207E2DDF1AFF00B71A54 /* Shared */ = {
			isa = PBXGroup;
			children = (
				A4B5207C2DDF1AFF00B71A54 /* AppCoordinator.swift */,
				A4B5207D2DDF1AFF00B71A54 /* AppViewModel.swift */,
			);
			path = Shared;
			sourceTree = "<group>";
		};
		A4B5207F2DDF1AFF00B71A54 /* ViewModels */ = {
			isa = PBXGroup;
			children = (
				A4B520772DDF1AFF00B71A54 /* AIChat */,
				A4B520792DDF1AFF00B71A54 /* CareerExplorer */,
				A4B5207B2DDF1AFF00B71A54 /* Onboarding */,
				A4B5207E2DDF1AFF00B71A54 /* Shared */,
			);
			path = ViewModels;
			sourceTree = "<group>";
		};
		A4B520842DDF1AFF00B71A54 /* AIChat */ = {
			isa = PBXGroup;
			children = (
				A4B520802DDF1AFF00B71A54 /* AIAssistantOverlay.swift */,
				A4B520812DDF1AFF00B71A54 /* ChatBubble.swift */,
				A4B520822DDF1AFF00B71A54 /* TypingIndicator.swift */,
				A4B520832DDF1AFF00B71A54 /* VoiceAssistantOverlay.swift */,
			);
			path = AIChat;
			sourceTree = "<group>";
		};
		A4B520932DDF1AFF00B71A54 /* CareerExplorer */ = {
			isa = PBXGroup;
			children = (
				A4B520852DDF1AFF00B71A54 /* CareerLearningSection.swift */,
				A4B520862DDF1AFF00B71A54 /* CareerReadinessView.swift */,
				A4B520872DDF1AFF00B71A54 /* CareerTrackOverviewView.swift */,
				A4B520882DDF1AFF00B71A54 /* CareerTrackSectionView.swift */,
				A4B520892DDF1AFF00B71A54 /* CareerTracksSection.swift */,
				A4B5208A2DDF1AFF00B71A54 /* CareerTracksView.swift */,
				A4B5208B2DDF1AFF00B71A54 /* FavoritesSectionView.swift */,
				A4B5208C2DDF1AFF00B71A54 /* HeaderSection.swift */,
				A4B5208D2DDF1AFF00B71A54 /* JobDetailView.swift */,
				A4B5208E2DDF1AFF00B71A54 /* LearningPathView.swift */,
				A4B5208F2DDF1AFF00B71A54 /* LearningResourcesView.swift */,
				A4B520902DDF1AFF00B71A54 /* RecommendedCareersSection.swift */,
				A4B520912DDF1AFF00B71A54 /* RecommendedNextStepsView.swift */,
				A4B520922DDF1AFF00B71A54 /* ResourcesSection.swift */,
			);
			path = CareerExplorer;
			sourceTree = "<group>";
		};
		A4B520A32DDF1AFF00B71A54 /* Components */ = {
			isa = PBXGroup;
			children = (
				A4B520942DDF1AFF00B71A54 /* ActionCard.swift */,
				A4B520952DDF1AFF00B71A54 /* CareerInterestPatternView.swift */,
				A4B520962DDF1AFF00B71A54 /* CareerTrackCard.swift */,
				A4B520972DDF1AFF00B71A54 /* CircleView.swift */,
				A4B520982DDF1AFF00B71A54 /* HeaderView.swift */,
				A4B520992DDF1AFF00B71A54 /* InterestCircle.swift */,
				A4B5209A2DDF1AFF00B71A54 /* JobCard.swift */,
				A4B5209B2DDF1AFF00B71A54 /* JobCarousel.swift */,
				A4B5209C2DDF1AFF00B71A54 /* JobMatchCard.swift */,
				A4B5209D2DDF1AFF00B71A54 /* MilestoneCard.swift */,
				A4B5209E2DDF1AFF00B71A54 /* NextStepItem.swift */,
				A4B5209F2DDF1AFF00B71A54 /* ResourceCard.swift */,
				A4B520A02DDF1AFF00B71A54 /* SocialSignInButton.swift */,
				A4B520A12DDF1AFF00B71A54 /* TimelineItem.swift */,
				A4B520A22DDF1AFF00B71A54 /* TimelineView.swift */,
			);
			path = Components;
			sourceTree = "<group>";
		};
		A4B520B52DDF1AFF00B71A54 /* Onboarding */ = {
			isa = PBXGroup;
			children = (
				A4B520A42DDF1AFF00B71A54 /* AccountCreationPromptView.swift */,
				A4B520A52DDF1AFF00B71A54 /* CareerInterestsView.swift */,
				A4B520A62DDF1AFF00B71A54 /* CompletionScreenView.swift */,
				A4B520A72DDF1AFF00B71A54 /* CurrentStatusView.swift */,
				A4B520A82DDF1AFF00B71A54 /* ExtracurricularActivitiesView.swift */,
				A4B520A92DDF1AFF00B71A54 /* FavoriteSubjectsView.swift */,
				A4B520AA2DDF1AFF00B71A54 /* GetNameView.swift */,
				A4B520AB2DDF1AFF00B71A54 /* HowDidYouHearAboutUsView.swift */,
				A4B520AC2DDF1AFF00B71A54 /* InterestProfileView.swift */,
				A4B520AD2DDF1AFF00B71A54 /* LoadingScreenView.swift */,
				A4B520AE2DDF1AFF00B71A54 /* LoginView.swift */,
				A4B520AF2DDF1AFF00B71A54 /* MotivationalMessageView.swift */,
				A4B520B02DDF1AFF00B71A54 /* OnboardingView.swift */,
				A45176562DE2024A00BB9752 /* OnboardingModeSelectionView.swift */,
				A4B520B12DDF1AFF00B71A54 /* RIASECQuestionView.swift */,
				A4B520B22DDF1AFF00B71A54 /* StudentLevelView.swift */,
				A4B520B32DDF1AFF00B71A54 /* WelcomeMessageView.swift */,
				A4B520B42DDF1AFF00B71A54 /* WelcomeView.swift */,
			);
			path = Onboarding;
			sourceTree = "<group>";
		};
		A4B520B92DDF1AFF00B71A54 /* Shared */ = {
			isa = PBXGroup;
			children = (
				A4B520B62DDF1AFF00B71A54 /* ContentView.swift */,
				A4B520B72DDF1AFF00B71A54 /* MainAppView.swift */,
				A4B520B82DDF1AFF00B71A54 /* SplashScreen.swift */,
			);
			path = Shared;
			sourceTree = "<group>";
		};
		A4B520BA2DDF1AFF00B71A54 /* Views */ = {
			isa = PBXGroup;
			children = (
				A4B520842DDF1AFF00B71A54 /* AIChat */,
				A4B520932DDF1AFF00B71A54 /* CareerExplorer */,
				A4B520A32DDF1AFF00B71A54 /* Components */,
				A4B520B52DDF1AFF00B71A54 /* Onboarding */,
				A4B520B92DDF1AFF00B71A54 /* Shared */,
			);
			path = Views;
			sourceTree = "<group>";
		};
		A4B520C02DDF1AFF00B71A54 /* carrer */ = {
			isa = PBXGroup;
			children = (
				A4B5203E2DDF1AFF00B71A54 /* Models */,
				A4B520452DDF1AFF00B71A54 /* New */,
				A4B520482DDF1AFF00B71A54 /* Preview Content */,
				A4B520492DDF1AFF00B71A54 /* PreviewContent */,
				A4B5204B2DDF1AFF00B71A54 /* Resources */,
				A4B520592DDF1AFF00B71A54 /* Services */,
				A4B520662DDF1AFF00B71A54 /* Sources */,
				A4B520742DDF1AFF00B71A54 /* Utilities */,
				A4B5207F2DDF1AFF00B71A54 /* ViewModels */,
				A4B520BA2DDF1AFF00B71A54 /* Views */,
				A4B520BC2DDF1AFF00B71A54 /* Implementation Plan.rtf */,
				A4B520BD2DDF1AFF00B71A54 /* Media.xcassets */,
				A4B520BE2DDF1AFF00B71A54 /* MyPath AI Coach - System Architecture Document.rtf */,
				A4B520BF2DDF1AFF00B71A54 /* MyPathApp.swift */,
			);
			path = carrer;
			sourceTree = "<group>";
		};
		A4C5A5922CAF97F900D187EB = {
			isa = PBXGroup;
			children = (
				A4DDE5142CC6A80D00E829E7 /* GoogleService-Info.plist */,
				A41584FC2DC1C64F00EA2B9E /* APIKeys.plist */,
				A4B520C02DDF1AFF00B71A54 /* carrer */,
				A4C5A5B02CAF97FC00D187EB /* carrerTests */,
				A4C5A5BA2CAF97FC00D187EB /* carrerUITests */,
				A4C5A59C2CAF97F900D187EB /* Products */,
				A4DDE50D2CC69A5F00E829E7 /* Frameworks */,
			);
			sourceTree = "<group>";
		};
		A4C5A59C2CAF97F900D187EB /* Products */ = {
			isa = PBXGroup;
			children = (
				A4C5A59B2CAF97F900D187EB /* carrer.app */,
				A4C5A5AD2CAF97FC00D187EB /* carrerTests.xctest */,
				A4C5A5B72CAF97FC00D187EB /* carrerUITests.xctest */,
			);
			name = Products;
			sourceTree = "<group>";
		};
		A4C5A5B02CAF97FC00D187EB /* carrerTests */ = {
			isa = PBXGroup;
			children = (
				A4B520BB2DDF1AFF00B71A54 /* carrerTests.swift */,
				A462BB942DDF1ECE004FCB0E /* StepFieldSpecTests.swift */,
			);
			path = carrerTests;
			sourceTree = "<group>";
		};
		A4C5A5BA2CAF97FC00D187EB /* carrerUITests */ = {
			isa = PBXGroup;
			children = (
				A4C5A5BD2CAF97FC00D187EB /* carrerUITestsLaunchTests.swift */,
			);
			path = carrerUITests;
			sourceTree = "<group>";
		};
		A4DDE50D2CC69A5F00E829E7 /* Frameworks */ = {
			isa = PBXGroup;
			children = (
				A462BB952DDF1F3D004FCB0E /* XCTest.framework */,
			);
			name = Frameworks;
			sourceTree = "<group>";
		};
/* End PBXGroup section */

/* Begin PBXNativeTarget section */
		A4C5A59A2CAF97F900D187EB /* carrer */ = {
			isa = PBXNativeTarget;
			buildConfigurationList = A4C5A5C12CAF97FC00D187EB /* Build configuration list for PBXNativeTarget "carrer" */;
			buildPhases = (
				A4C5A5972CAF97F900D187EB /* Sources */,
				A4C5A5982CAF97F900D187EB /* Frameworks */,
				A4C5A5992CAF97F900D187EB /* Resources */,
			);
			buildRules = (
			);
			dependencies = (
			);
			name = carrer;
			packageProductDependencies = (
				A4DDE50E2CC69A5F00E829E7 /* FirebaseAuth */,
				A4DDE5102CC69A5F00E829E7 /* FirebaseCore */,
				A4DDE5122CC69A5F00E829E7 /* FirebaseFirestore */,
			);
			productName = carrer;
			productReference = A4C5A59B2CAF97F900D187EB /* carrer.app */;
			productType = "com.apple.product-type.application";
		};
		A4C5A5AC2CAF97FC00D187EB /* carrerTests */ = {
			isa = PBXNativeTarget;
			buildConfigurationList = A4C5A5C42CAF97FC00D187EB /* Build configuration list for PBXNativeTarget "carrerTests" */;
			buildPhases = (
				A4C5A5A92CAF97FC00D187EB /* Sources */,
				A4C5A5AA2CAF97FC00D187EB /* Frameworks */,
				A4C5A5AB2CAF97FC00D187EB /* Resources */,
			);
			buildRules = (
			);
			dependencies = (
				A4C5A5AF2CAF97FC00D187EB /* PBXTargetDependency */,
			);
			name = carrerTests;
			productName = carrerTests;
			productReference = A4C5A5AD2CAF97FC00D187EB /* carrerTests.xctest */;
			productType = "com.apple.product-type.bundle.unit-test";
		};
		A4C5A5B62CAF97FC00D187EB /* carrerUITests */ = {
			isa = PBXNativeTarget;
			buildConfigurationList = A4C5A5C72CAF97FC00D187EB /* Build configuration list for PBXNativeTarget "carrerUITests" */;
			buildPhases = (
				A4C5A5B32CAF97FC00D187EB /* Sources */,
				A4C5A5B42CAF97FC00D187EB /* Frameworks */,
				A4C5A5B52CAF97FC00D187EB /* Resources */,
			);
			buildRules = (
			);
			dependencies = (
				A4C5A5B92CAF97FC00D187EB /* PBXTargetDependency */,
			);
			name = carrerUITests;
			productName = carrerUITests;
			productReference = A4C5A5B72CAF97FC00D187EB /* carrerUITests.xctest */;
			productType = "com.apple.product-type.bundle.ui-testing";
		};
/* End PBXNativeTarget section */

/* Begin PBXProject section */
		A4C5A5932CAF97F900D187EB /* Project object */ = {
			isa = PBXProject;
			attributes = {
				BuildIndependentTargetsInParallel = 1;
				LastSwiftUpdateCheck = 1540;
				LastUpgradeCheck = 1540;
				TargetAttributes = {
					A4C5A59A2CAF97F900D187EB = {
						CreatedOnToolsVersion = 15.4;
					};
					A4C5A5AC2CAF97FC00D187EB = {
						CreatedOnToolsVersion = 15.4;
						TestTargetID = A4C5A59A2CAF97F900D187EB;
					};
					A4C5A5B62CAF97FC00D187EB = {
						CreatedOnToolsVersion = 15.4;
						TestTargetID = A4C5A59A2CAF97F900D187EB;
					};
				};
			};
			buildConfigurationList = A4C5A5962CAF97F900D187EB /* Build configuration list for PBXProject "carrer" */;
			compatibilityVersion = "Xcode 14.0";
			developmentRegion = en;
			hasScannedForEncodings = 0;
			knownRegions = (
				en,
				Base,
			);
			mainGroup = A4C5A5922CAF97F900D187EB;
			packageReferences = (
				A42263772CC45E5500DDE0C0 /* XCRemoteSwiftPackageReference "ConfettiSwiftUI" */,
				A4DDE50C2CC6978500E829E7 /* XCRemoteSwiftPackageReference "firebase-ios-sdk" */,
			);
			productRefGroup = A4C5A59C2CAF97F900D187EB /* Products */;
			projectDirPath = "";
			projectRoot = "";
			targets = (
				A4C5A59A2CAF97F900D187EB /* carrer */,
				A4C5A5AC2CAF97FC00D187EB /* carrerTests */,
				A4C5A5B62CAF97FC00D187EB /* carrerUITests */,
			);
		};
/* End PBXProject section */

/* Begin PBXResourcesBuildPhase section */
		A4C5A5992CAF97F900D187EB /* Resources */ = {
			isa = PBXResourcesBuildPhase;
			buildActionMask = 2147483647;
			files = (
				A4B520C22DDF1AFF00B71A54 /* Assets.xcassets in Resources */,
				A4B520C32DDF1AFF00B71A54 /* Media.xcassets in Resources */,
				A4B520C42DDF1AFF00B71A54 /* MyPath AI Coach - System Architecture Document.rtf in Resources */,
				A4B520C52DDF1AFF00B71A54 /* StepFieldSpec.json in Resources */,
				A4B520C62DDF1AFF00B71A54 /* Preview Assets.xcassets in Resources */,
				A4B520C72DDF1AFF00B71A54 /* Implementation Plan.rtf in Resources */,
				A41584FD2DC1C64F00EA2B9E /* APIKeys.plist in Resources */,
				A4DDE5152CC6A80D00E829E7 /* GoogleService-Info.plist in Resources */,
			);
			runOnlyForDeploymentPostprocessing = 0;
		};
		A4C5A5AB2CAF97FC00D187EB /* Resources */ = {
			isa = PBXResourcesBuildPhase;
			buildActionMask = 2147483647;
			files = (
			);
			runOnlyForDeploymentPostprocessing = 0;
		};
		A4C5A5B52CAF97FC00D187EB /* Resources */ = {
			isa = PBXResourcesBuildPhase;
			buildActionMask = 2147483647;
			files = (
			);
			runOnlyForDeploymentPostprocessing = 0;
		};
/* End PBXResourcesBuildPhase section */

/* Begin PBXSourcesBuildPhase section */
		A4C5A5972CAF97F900D187EB /* Sources */ = {
			isa = PBXSourcesBuildPhase;
			buildActionMask = 2147483647;
			files = (
				A4B520C82DDF1AFF00B71A54 /* OnboardingTextStyle.swift in Sources */,
				A4B520C92DDF1AFF00B71A54 /* LearningPathView.swift in Sources */,
				A4B520CA2DDF1AFF00B71A54 /* SocialSignInButton.swift in Sources */,
				A4B520CB2DDF1AFF00B71A54 /* Updated_CareerRecommendation_Career_Development_Score.mlmodel in Sources */,
				A4B520CC2DDF1AFF00B71A54 /* VoiceAssistantOverlay.swift in Sources */,
				A4B520CD2DDF1AFF00B71A54 /* CareerTracksSection.swift in Sources */,
				A4B520CE2DDF1AFF00B71A54 /* FavoritesSectionView.swift in Sources */,
				A45176532DE201E500BB9752 /* OnboardingMode.swift in Sources */,
				A4B520CF2DDF1AFF00B71A54 /* ConversationModel.xcdatamodeld in Sources */,
				A4B520D02DDF1AFF00B71A54 /* StudentLevelView.swift in Sources */,
				A4B520D12DDF1AFF00B71A54 /* CareerTrack.swift in Sources */,
				A4B520D22DDF1AFF00B71A54 /* ConversationStore.swift in Sources */,
				A4B520D32DDF1AFF00B71A54 /* FavoriteSubjectsView.swift in Sources */,
				A4B520D42DDF1AFF00B71A54 /* CareerTrackOverviewView.swift in Sources */,
				A4B520D52DDF1AFF00B71A54 /* SelectionOption.swift in Sources */,
				A4B520D62DDF1AFF00B71A54 /* JobCard.swift in Sources */,
				A4B520D72DDF1AFF00B71A54 /* HeaderView.swift in Sources */,
				A4B520D82DDF1AFF00B71A54 /* ChatBubble.swift in Sources */,
				A4B520D92DDF1AFF00B71A54 /* RoundedCorner.swift in Sources */,
				A4B520DA2DDF1AFF00B71A54 /* MilestoneStatus.swift in Sources */,
				A4B520DB2DDF1AFF00B71A54 /* HowDidYouHearAboutUsView.swift in Sources */,
				A4B520DC2DDF1AFF00B71A54 /* Milestone.swift in Sources */,
				A4B520DD2DDF1AFF00B71A54 /* CareerTrackSectionView.swift in Sources */,
				A4B520DE2DDF1AFF00B71A54 /* AITool.swift in Sources */,
				A4B520DF2DDF1AFF00B71A54 /* CareerLearningSection.swift in Sources */,
				A4B520E02DDF1AFF00B71A54 /* OnboardingMigration.swift in Sources */,
				A4B520E12DDF1AFF00B71A54 /* AppFlowState.swift in Sources */,
				A4B520E22DDF1AFF00B71A54 /* CareerInterestsView.swift in Sources */,
				A4B520E32DDF1AFF00B71A54 /* TimelineView.swift in Sources */,
				A4B520E42DDF1AFF00B71A54 /* CareerInterestPatternView.swift in Sources */,
				A4B520E52DDF1AFF00B71A54 /* JobCarousel.swift in Sources */,
				A4B520E62DDF1AFF00B71A54 /* InterestCircle.swift in Sources */,
				A4B520E72DDF1AFF00B71A54 /* Updated_CareerRecommendation_Technical_Expertise_Score.mlmodel in Sources */,
				A45176552DE2022500BB9752 /* OnboardingModeManager.swift in Sources */,
				A4B520E82DDF1AFF00B71A54 /* Spacing.swift in Sources */,
				A4B520E92DDF1AFF00B71A54 /* ChatMessage.swift in Sources */,
				A4B520EA2DDF1AFF00B71A54 /* CareerReadinessView.swift in Sources */,
				A4B520EB2DDF1AFF00B71A54 /* StepFieldSpec.swift in Sources */,
				A4B520EC2DDF1AFF00B71A54 /* GetNameView.swift in Sources */,
				A4B520ED2DDF1AFF00B71A54 /* RIASECQuestion.swift in Sources */,
				A4B520EE2DDF1AFF00B71A54 /* UpdateFieldTool.swift in Sources */,
				A4B520EF2DDF1AFF00B71A54 /* MyPathApp.swift in Sources */,
				A4B520F02DDF1AFF00B71A54 /* ResourcesSection.swift in Sources */,
				A4B520F12DDF1AFF00B71A54 /* OnboardingDTO.swift in Sources */,
				A4B520F22DDF1AFF00B71A54 /* HeaderSection.swift in Sources */,
				A4B520F32DDF1AFF00B71A54 /* RIASECQuestionView.swift in Sources */,
				A4B520F42DDF1AFF00B71A54 /* ExtracurricularActivitiesView.swift in Sources */,
				A4B520F52DDF1AFF00B71A54 /* CurrentStatusView.swift in Sources */,
				A4B520F62DDF1AFF00B71A54 /* JobMatchCard.swift in Sources */,
				A4B520F72DDF1AFF00B71A54 /* OnboardingSecondaryTextStyle.swift in Sources */,
				A4B520F82DDF1AFF00B71A54 /* AppCoordinator.swift in Sources */,
				A4B520F92DDF1AFF00B71A54 /* Collection+SafeSubscript.swift in Sources */,
				A4B520FA2DDF1AFF00B71A54 /* PersistenceController.swift in Sources */,
				A4B520FB2DDF1AFF00B71A54 /* ResourceCard.swift in Sources */,
				A4B520FC2DDF1AFF00B71A54 /* MilestoneCard.swift in Sources */,
				A4B520FD2DDF1AFF00B71A54 /* TypingIndicator.swift in Sources */,
				A4B520FE2DDF1AFF00B71A54 /* UserDataKey.swift in Sources */,
				A4B520FF2DDF1AFF00B71A54 /* NextStepItem.swift in Sources */,
				A4B521002DDF1AFF00B71A54 /* OnboardingStoreKey.swift in Sources */,
				A4B521012DDF1AFF00B71A54 /* SupabaseService.swift in Sources */,
				A4B521022DDF1AFF00B71A54 /* ToolRegistry.swift in Sources */,
				A4B521032DDF1AFF00B71A54 /* Updated_CareerRecommendation_Job_Complexity_Score.mlmodel in Sources */,
				A4B521042DDF1AFF00B71A54 /* Usage.swift in Sources */,
				A4B521052DDF1AFF00B71A54 /* OnboardingRouter.swift in Sources */,
				A4B521062DDF1AFF00B71A54 /* APIConfig.swift in Sources */,
				A4B521072DDF1AFF00B71A54 /* RIASECDimension.swift in Sources */,
				A4B521082DDF1AFF00B71A54 /* CompletionScreenView.swift in Sources */,
				A4B521092DDF1AFF00B71A54 /* SecureOnboardingCleanupTask.swift in Sources */,
				A4B5210A2DDF1AFF00B71A54 /* AppViewModel.swift in Sources */,
				A4B5210B2DDF1AFF00B71A54 /* WelcomeMessageView.swift in Sources */,
				A4B5210C2DDF1AFF00B71A54 /* OnboardingStep.swift in Sources */,
				A4B5210D2DDF1AFF00B71A54 /* SecureOnboardingStore.swift in Sources */,
				A4B5210E2DDF1AFF00B71A54 /* Updated_CareerRecommendation_Social_Interaction_Score.mlmodel in Sources */,
				A4B5210F2DDF1AFF00B71A54 /* CareerTrackCard.swift in Sources */,
				A4B521102DDF1AFF00B71A54 /* AIAssistantViewModel.swift in Sources */,
				A4B521112DDF1AFF00B71A54 /* OnboardingView.swift in Sources */,
				A4B521122DDF1AFF00B71A54 /* AppColors.swift in Sources */,
				A4B521132DDF1AFF00B71A54 /* ToolError.swift in Sources */,
				A4B521142DDF1AFF00B71A54 /* RecommendedNextStepsView.swift in Sources */,
				A4B521152DDF1AFF00B71A54 /* MotivationalMessageView.swift in Sources */,
				A4B521162DDF1AFF00B71A54 /* JobDetailView.swift in Sources */,
				A4B521172DDF1AFF00B71A54 /* Job.swift in Sources */,
				A4B521182DDF1AFF00B71A54 /* TimelineItem.swift in Sources */,
				A4B521192DDF1AFF00B71A54 /* Updated_CareerRecommendation_Physical_Demands_Score.mlmodel in Sources */,
				A4B5211A2DDF1AFF00B71A54 /* ResponseChunk.swift in Sources */,
				A4B5211B2DDF1AFF00B71A54 /* IconSize.swift in Sources */,
				A4B5211C2DDF1AFF00B71A54 /* CircleView.swift in Sources */,
				A4B5211D2DDF1AFF00B71A54 /* MainAppView.swift in Sources */,
				A4B5211E2DDF1AFF00B71A54 /* LearningResourcesView.swift in Sources */,
				A4B5211F2DDF1AFF00B71A54 /* RIASECScoreCalculator.swift in Sources */,
				A4B521202DDF1AFF00B71A54 /* SplashScreen.swift in Sources */,
				A4B521212DDF1AFF00B71A54 /* ContentView.swift in Sources */,
				A4B521222DDF1AFF00B71A54 /* Conversation.swift in Sources */,
				A4B521232DDF1AFF00B71A54 /* OpenAIService.swift in Sources */,
				A4B521242DDF1AFF00B71A54 /* LoadingScreenView.swift in Sources */,
				A4B521252DDF1AFF00B71A54 /* NetworkMonitor.swift in Sources */,
				A4B521262DDF1AFF00B71A54 /* WelcomeView.swift in Sources */,
				A45176572DE2024A00BB9752 /* OnboardingModeSelectionView.swift in Sources */,
				A4B521272DDF1AFF00B71A54 /* ActionCard.swift in Sources */,
				A4B521282DDF1AFF00B71A54 /* LoginView.swift in Sources */,
				A4B521292DDF1AFF00B71A54 /* OnboardingStore.swift in Sources */,
				A4B5212A2DDF1AFF00B71A54 /* RecommendedCareersSection.swift in Sources */,
				A4B5212B2DDF1AFF00B71A54 /* AccountCreationPromptView.swift in Sources */,
				A4B5212D2DDF1AFF00B71A54 /* InterestProfileView.swift in Sources */,
				A4B5212E2DDF1AFF00B71A54 /* AIAssistantOverlay.swift in Sources */,
				A4B5212F2DDF1AFF00B71A54 /* CareerTracksView.swift in Sources */,
			);
			runOnlyForDeploymentPostprocessing = 0;
		};
		A4C5A5A92CAF97FC00D187EB /* Sources */ = {
			isa = PBXSourcesBuildPhase;
			buildActionMask = 2147483647;
			files = (
				A45176512DDF61E400BB9752 /* carrerTests.swift in Sources */,
			);
			runOnlyForDeploymentPostprocessing = 0;
		};
		A4C5A5B32CAF97FC00D187EB /* Sources */ = {
			isa = PBXSourcesBuildPhase;
			buildActionMask = 2147483647;
			files = (
				A4C5A5BE2CAF97FC00D187EB /* carrerUITestsLaunchTests.swift in Sources */,
			);
			runOnlyForDeploymentPostprocessing = 0;
		};
/* End PBXSourcesBuildPhase section */

/* Begin PBXTargetDependency section */
		A4C5A5AF2CAF97FC00D187EB /* PBXTargetDependency */ = {
			isa = PBXTargetDependency;
			target = A4C5A59A2CAF97F900D187EB /* carrer */;
			targetProxy = A4C5A5AE2CAF97FC00D187EB /* PBXContainerItemProxy */;
		};
		A4C5A5B92CAF97FC00D187EB /* PBXTargetDependency */ = {
			isa = PBXTargetDependency;
			target = A4C5A59A2CAF97F900D187EB /* carrer */;
			targetProxy = A4C5A5B82CAF97FC00D187EB /* PBXContainerItemProxy */;
		};
/* End PBXTargetDependency section */

/* Begin XCBuildConfiguration section */
		A4C5A5BF2CAF97FC00D187EB /* Debug */ = {
			isa = XCBuildConfiguration;
			buildSettings = {
				ALWAYS_SEARCH_USER_PATHS = NO;
				ASSETCATALOG_COMPILER_GENERATE_SWIFT_ASSET_SYMBOL_EXTENSIONS = YES;
				CLANG_ANALYZER_NONNULL = YES;
				CLANG_ANALYZER_NUMBER_OBJECT_CONVERSION = YES_AGGRESSIVE;
				CLANG_CXX_LANGUAGE_STANDARD = "gnu++20";
				CLANG_ENABLE_MODULES = YES;
				CLANG_ENABLE_OBJC_ARC = YES;
				CLANG_ENABLE_OBJC_WEAK = YES;
				CLANG_WARN_BLOCK_CAPTURE_AUTORELEASING = YES;
				CLANG_WARN_BOOL_CONVERSION = YES;
				CLANG_WARN_COMMA = YES;
				CLANG_WARN_CONSTANT_CONVERSION = YES;
				CLANG_WARN_DEPRECATED_OBJC_IMPLEMENTATIONS = YES;
				CLANG_WARN_DIRECT_OBJC_ISA_USAGE = YES_ERROR;
				CLANG_WARN_DOCUMENTATION_COMMENTS = YES;
				CLANG_WARN_EMPTY_BODY = YES;
				CLANG_WARN_ENUM_CONVERSION = YES;
				CLANG_WARN_INFINITE_RECURSION = YES;
				CLANG_WARN_INT_CONVERSION = YES;
				CLANG_WARN_NON_LITERAL_NULL_CONVERSION = YES;
				CLANG_WARN_OBJC_IMPLICIT_RETAIN_SELF = YES;
				CLANG_WARN_OBJC_LITERAL_CONVERSION = YES;
				CLANG_WARN_OBJC_ROOT_CLASS = YES_ERROR;
				CLANG_WARN_QUOTED_INCLUDE_IN_FRAMEWORK_HEADER = YES;
				CLANG_WARN_RANGE_LOOP_ANALYSIS = YES;
				CLANG_WARN_STRICT_PROTOTYPES = YES;
				CLANG_WARN_SUSPICIOUS_MOVE = YES;
				CLANG_WARN_UNGUARDED_AVAILABILITY = YES_AGGRESSIVE;
				CLANG_WARN_UNREACHABLE_CODE = YES;
				CLANG_WARN__DUPLICATE_METHOD_MATCH = YES;
				COPY_PHASE_STRIP = NO;
				DEBUG_INFORMATION_FORMAT = dwarf;
				ENABLE_STRICT_OBJC_MSGSEND = YES;
				ENABLE_TESTABILITY = YES;
				ENABLE_USER_SCRIPT_SANDBOXING = YES;
				GCC_C_LANGUAGE_STANDARD = gnu17;
				GCC_DYNAMIC_NO_PIC = NO;
				GCC_NO_COMMON_BLOCKS = YES;
				GCC_OPTIMIZATION_LEVEL = 0;
				GCC_PREPROCESSOR_DEFINITIONS = (
					"DEBUG=1",
					"$(inherited)",
				);
				GCC_WARN_64_TO_32_BIT_CONVERSION = YES;
				GCC_WARN_ABOUT_RETURN_TYPE = YES_ERROR;
				GCC_WARN_UNDECLARED_SELECTOR = YES;
				GCC_WARN_UNINITIALIZED_AUTOS = YES_AGGRESSIVE;
				GCC_WARN_UNUSED_FUNCTION = YES;
				GCC_WARN_UNUSED_VARIABLE = YES;
				IPHONEOS_DEPLOYMENT_TARGET = 17.5;
				LOCALIZATION_PREFERS_STRING_CATALOGS = YES;
				MTL_ENABLE_DEBUG_INFO = INCLUDE_SOURCE;
				MTL_FAST_MATH = YES;
				ONLY_ACTIVE_ARCH = YES;
				SDKROOT = iphoneos;
				SWIFT_ACTIVE_COMPILATION_CONDITIONS = "DEBUG $(inherited)";
				SWIFT_OPTIMIZATION_LEVEL = "-Onone";
			};
			name = Debug;
		};
		A4C5A5C02CAF97FC00D187EB /* Release */ = {
			isa = XCBuildConfiguration;
			buildSettings = {
				ALWAYS_SEARCH_USER_PATHS = NO;
				ASSETCATALOG_COMPILER_GENERATE_SWIFT_ASSET_SYMBOL_EXTENSIONS = YES;
				CLANG_ANALYZER_NONNULL = YES;
				CLANG_ANALYZER_NUMBER_OBJECT_CONVERSION = YES_AGGRESSIVE;
				CLANG_CXX_LANGUAGE_STANDARD = "gnu++20";
				CLANG_ENABLE_MODULES = YES;
				CLANG_ENABLE_OBJC_ARC = YES;
				CLANG_ENABLE_OBJC_WEAK = YES;
				CLANG_WARN_BLOCK_CAPTURE_AUTORELEASING = YES;
				CLANG_WARN_BOOL_CONVERSION = YES;
				CLANG_WARN_COMMA = YES;
				CLANG_WARN_CONSTANT_CONVERSION = YES;
				CLANG_WARN_DEPRECATED_OBJC_IMPLEMENTATIONS = YES;
				CLANG_WARN_DIRECT_OBJC_ISA_USAGE = YES_ERROR;
				CLANG_WARN_DOCUMENTATION_COMMENTS = YES;
				CLANG_WARN_EMPTY_BODY = YES;
				CLANG_WARN_ENUM_CONVERSION = YES;
				CLANG_WARN_INFINITE_RECURSION = YES;
				CLANG_WARN_INT_CONVERSION = YES;
				CLANG_WARN_NON_LITERAL_NULL_CONVERSION = YES;
				CLANG_WARN_OBJC_IMPLICIT_RETAIN_SELF = YES;
				CLANG_WARN_OBJC_LITERAL_CONVERSION = YES;
				CLANG_WARN_OBJC_ROOT_CLASS = YES_ERROR;
				CLANG_WARN_QUOTED_INCLUDE_IN_FRAMEWORK_HEADER = YES;
				CLANG_WARN_RANGE_LOOP_ANALYSIS = YES;
				CLANG_WARN_STRICT_PROTOTYPES = YES;
				CLANG_WARN_SUSPICIOUS_MOVE = YES;
				CLANG_WARN_UNGUARDED_AVAILABILITY = YES_AGGRESSIVE;
				CLANG_WARN_UNREACHABLE_CODE = YES;
				CLANG_WARN__DUPLICATE_METHOD_MATCH = YES;
				COPY_PHASE_STRIP = NO;
				DEBUG_INFORMATION_FORMAT = "dwarf-with-dsym";
				ENABLE_NS_ASSERTIONS = NO;
				ENABLE_STRICT_OBJC_MSGSEND = YES;
				ENABLE_USER_SCRIPT_SANDBOXING = YES;
				GCC_C_LANGUAGE_STANDARD = gnu17;
				GCC_NO_COMMON_BLOCKS = YES;
				GCC_WARN_64_TO_32_BIT_CONVERSION = YES;
				GCC_WARN_ABOUT_RETURN_TYPE = YES_ERROR;
				GCC_WARN_UNDECLARED_SELECTOR = YES;
				GCC_WARN_UNINITIALIZED_AUTOS = YES_AGGRESSIVE;
				GCC_WARN_UNUSED_FUNCTION = YES;
				GCC_WARN_UNUSED_VARIABLE = YES;
				IPHONEOS_DEPLOYMENT_TARGET = 17.5;
				LOCALIZATION_PREFERS_STRING_CATALOGS = YES;
				MTL_ENABLE_DEBUG_INFO = NO;
				MTL_FAST_MATH = YES;
				SDKROOT = iphoneos;
				SWIFT_COMPILATION_MODE = wholemodule;
				VALIDATE_PRODUCT = YES;
			};
			name = Release;
		};
		A4C5A5C22CAF97FC00D187EB /* Debug */ = {
			isa = XCBuildConfiguration;
			buildSettings = {
				ASSETCATALOG_COMPILER_APPICON_NAME = AppIcon;
				ASSETCATALOG_COMPILER_GLOBAL_ACCENT_COLOR_NAME = AccentColor;
				CODE_SIGN_STYLE = Automatic;
				CURRENT_PROJECT_VERSION = 1;
				DEVELOPMENT_ASSET_PATHS = "\"carrer/Preview Content\"";
				ENABLE_PREVIEWS = YES;
				GENERATE_INFOPLIST_FILE = YES;
				INFOPLIST_KEY_UIApplicationSceneManifest_Generation = YES;
				INFOPLIST_KEY_UIApplicationSupportsIndirectInputEvents = YES;
				INFOPLIST_KEY_UILaunchScreen_Generation = YES;
				INFOPLIST_KEY_UISupportedInterfaceOrientations_iPad = "UIInterfaceOrientationPortrait UIInterfaceOrientationPortraitUpsideDown UIInterfaceOrientationLandscapeLeft UIInterfaceOrientationLandscapeRight";
				INFOPLIST_KEY_UISupportedInterfaceOrientations_iPhone = "UIInterfaceOrientationPortrait UIInterfaceOrientationLandscapeLeft UIInterfaceOrientationLandscapeRight";
				LD_RUNPATH_SEARCH_PATHS = (
					"$(inherited)",
					"@executable_path/Frameworks",
				);
				MARKETING_VERSION = 1.0;
				PRODUCT_BUNDLE_IDENTIFIER = ed.carrer;
				PRODUCT_NAME = "$(TARGET_NAME)";
				SWIFT_EMIT_LOC_STRINGS = YES;
				SWIFT_VERSION = 5.0;
				TARGETED_DEVICE_FAMILY = "1,2";
			};
			name = Debug;
		};
		A4C5A5C32CAF97FC00D187EB /* Release */ = {
			isa = XCBuildConfiguration;
			buildSettings = {
				ASSETCATALOG_COMPILER_APPICON_NAME = AppIcon;
				ASSETCATALOG_COMPILER_GLOBAL_ACCENT_COLOR_NAME = AccentColor;
				CODE_SIGN_STYLE = Automatic;
				CURRENT_PROJECT_VERSION = 1;
				DEVELOPMENT_ASSET_PATHS = "\"carrer/Preview Content\"";
				ENABLE_PREVIEWS = YES;
				GENERATE_INFOPLIST_FILE = YES;
				INFOPLIST_KEY_UIApplicationSceneManifest_Generation = YES;
				INFOPLIST_KEY_UIApplicationSupportsIndirectInputEvents = YES;
				INFOPLIST_KEY_UILaunchScreen_Generation = YES;
				INFOPLIST_KEY_UISupportedInterfaceOrientations_iPad = "UIInterfaceOrientationPortrait UIInterfaceOrientationPortraitUpsideDown UIInterfaceOrientationLandscapeLeft UIInterfaceOrientationLandscapeRight";
				INFOPLIST_KEY_UISupportedInterfaceOrientations_iPhone = "UIInterfaceOrientationPortrait UIInterfaceOrientationLandscapeLeft UIInterfaceOrientationLandscapeRight";
				LD_RUNPATH_SEARCH_PATHS = (
					"$(inherited)",
					"@executable_path/Frameworks",
				);
				MARKETING_VERSION = 1.0;
				PRODUCT_BUNDLE_IDENTIFIER = ed.carrer;
				PRODUCT_NAME = "$(TARGET_NAME)";
				SWIFT_EMIT_LOC_STRINGS = YES;
				SWIFT_VERSION = 5.0;
				TARGETED_DEVICE_FAMILY = "1,2";
			};
			name = Release;
		};
		A4C5A5C52CAF97FC00D187EB /* Debug */ = {
			isa = XCBuildConfiguration;
			buildSettings = {
				BUNDLE_LOADER = "$(TEST_HOST)";
				CODE_SIGN_STYLE = Automatic;
				CURRENT_PROJECT_VERSION = 1;
				GENERATE_INFOPLIST_FILE = YES;
				IPHONEOS_DEPLOYMENT_TARGET = 17.5;
				MARKETING_VERSION = 1.0;
				PRODUCT_BUNDLE_IDENTIFIER = ed.carrerTests;
				PRODUCT_NAME = "$(TARGET_NAME)";
				SWIFT_EMIT_LOC_STRINGS = NO;
				SWIFT_VERSION = 5.0;
				TARGETED_DEVICE_FAMILY = "1,2";
				TEST_HOST = "$(BUILT_PRODUCTS_DIR)/carrer.app/$(BUNDLE_EXECUTABLE_FOLDER_PATH)/carrer";
			};
			name = Debug;
		};
		A4C5A5C62CAF97FC00D187EB /* Release */ = {
			isa = XCBuildConfiguration;
			buildSettings = {
				BUNDLE_LOADER = "$(TEST_HOST)";
				CODE_SIGN_STYLE = Automatic;
				CURRENT_PROJECT_VERSION = 1;
				GENERATE_INFOPLIST_FILE = YES;
				IPHONEOS_DEPLOYMENT_TARGET = 17.5;
				MARKETING_VERSION = 1.0;
				PRODUCT_BUNDLE_IDENTIFIER = ed.carrerTests;
				PRODUCT_NAME = "$(TARGET_NAME)";
				SWIFT_EMIT_LOC_STRINGS = NO;
				SWIFT_VERSION = 5.0;
				TARGETED_DEVICE_FAMILY = "1,2";
				TEST_HOST = "$(BUILT_PRODUCTS_DIR)/carrer.app/$(BUNDLE_EXECUTABLE_FOLDER_PATH)/carrer";
			};
			name = Release;
		};
		A4C5A5C82CAF97FC00D187EB /* Debug */ = {
			isa = XCBuildConfiguration;
			buildSettings = {
				CODE_SIGN_STYLE = Automatic;
				CURRENT_PROJECT_VERSION = 1;
				GENERATE_INFOPLIST_FILE = YES;
				MARKETING_VERSION = 1.0;
				PRODUCT_BUNDLE_IDENTIFIER = ed.carrerUITests;
				PRODUCT_NAME = "$(TARGET_NAME)";
				SWIFT_EMIT_LOC_STRINGS = NO;
				SWIFT_VERSION = 5.0;
				TARGETED_DEVICE_FAMILY = "1,2";
				TEST_TARGET_NAME = carrer;
			};
			name = Debug;
		};
		A4C5A5C92CAF97FC00D187EB /* Release */ = {
			isa = XCBuildConfiguration;
			buildSettings = {
				CODE_SIGN_STYLE = Automatic;
				CURRENT_PROJECT_VERSION = 1;
				GENERATE_INFOPLIST_FILE = YES;
				MARKETING_VERSION = 1.0;
				PRODUCT_BUNDLE_IDENTIFIER = ed.carrerUITests;
				PRODUCT_NAME = "$(TARGET_NAME)";
				SWIFT_EMIT_LOC_STRINGS = NO;
				SWIFT_VERSION = 5.0;
				TARGETED_DEVICE_FAMILY = "1,2";
				TEST_TARGET_NAME = carrer;
			};
			name = Release;
		};
/* End XCBuildConfiguration section */

/* Begin XCConfigurationList section */
		A4C5A5962CAF97F900D187EB /* Build configuration list for PBXProject "carrer" */ = {
			isa = XCConfigurationList;
			buildConfigurations = (
				A4C5A5BF2CAF97FC00D187EB /* Debug */,
				A4C5A5C02CAF97FC00D187EB /* Release */,
			);
			defaultConfigurationIsVisible = 0;
			defaultConfigurationName = Release;
		};
		A4C5A5C12CAF97FC00D187EB /* Build configuration list for PBXNativeTarget "carrer" */ = {
			isa = XCConfigurationList;
			buildConfigurations = (
				A4C5A5C22CAF97FC00D187EB /* Debug */,
				A4C5A5C32CAF97FC00D187EB /* Release */,
			);
			defaultConfigurationIsVisible = 0;
			defaultConfigurationName = Release;
		};
		A4C5A5C42CAF97FC00D187EB /* Build configuration list for PBXNativeTarget "carrerTests" */ = {
			isa = XCConfigurationList;
			buildConfigurations = (
				A4C5A5C52CAF97FC00D187EB /* Debug */,
				A4C5A5C62CAF97FC00D187EB /* Release */,
			);
			defaultConfigurationIsVisible = 0;
			defaultConfigurationName = Release;
		};
		A4C5A5C72CAF97FC00D187EB /* Build configuration list for PBXNativeTarget "carrerUITests" */ = {
			isa = XCConfigurationList;
			buildConfigurations = (
				A4C5A5C82CAF97FC00D187EB /* Debug */,
				A4C5A5C92CAF97FC00D187EB /* Release */,
			);
			defaultConfigurationIsVisible = 0;
			defaultConfigurationName = Release;
		};
/* End XCConfigurationList section */

/* Begin XCRemoteSwiftPackageReference section */
		A42263772CC45E5500DDE0C0 /* XCRemoteSwiftPackageReference "ConfettiSwiftUI" */ = {
			isa = XCRemoteSwiftPackageReference;
			repositoryURL = "https://github.com/simibac/ConfettiSwiftUI.git";
			requirement = {
				kind = upToNextMajorVersion;
				minimumVersion = 1.1.0;
			};
		};
		A4DDE50C2CC6978500E829E7 /* XCRemoteSwiftPackageReference "firebase-ios-sdk" */ = {
			isa = XCRemoteSwiftPackageReference;
			repositoryURL = "https://github.com/firebase/firebase-ios-sdk";
			requirement = {
				kind = upToNextMajorVersion;
				minimumVersion = 11.3.0;
			};
		};
/* End XCRemoteSwiftPackageReference section */

/* Begin XCSwiftPackageProductDependency section */
		A4DDE50E2CC69A5F00E829E7 /* FirebaseAuth */ = {
			isa = XCSwiftPackageProductDependency;
			package = A4DDE50C2CC6978500E829E7 /* XCRemoteSwiftPackageReference "firebase-ios-sdk" */;
			productName = FirebaseAuth;
		};
		A4DDE5102CC69A5F00E829E7 /* FirebaseCore */ = {
			isa = XCSwiftPackageProductDependency;
			package = A4DDE50C2CC6978500E829E7 /* XCRemoteSwiftPackageReference "firebase-ios-sdk" */;
			productName = FirebaseCore;
		};
		A4DDE5122CC69A5F00E829E7 /* FirebaseFirestore */ = {
			isa = XCSwiftPackageProductDependency;
			package = A4DDE50C2CC6978500E829E7 /* XCRemoteSwiftPackageReference "firebase-ios-sdk" */;
			productName = FirebaseFirestore;
		};
/* End XCSwiftPackageProductDependency section */

/* Begin XCVersionGroup section */
		A4B5203F2DDF1AFF00B71A54 /* ConversationModel.xcdatamodeld */ = {
			isa = XCVersionGroup;
			children = (
				A4B520C12DDF1AFF00B71A54 /* ConversationModel.xcdatamodel */,
			);
			currentVersion = A4B520C12DDF1AFF00B71A54 /* ConversationModel.xcdatamodel */;
			path = ConversationModel.xcdatamodeld;
			sourceTree = "<group>";
			versionGroupType = wrapper.xcdatamodel;
		};
/* End XCVersionGroup section */
	};
	rootObject = A4C5A5932CAF97F900D187EB /* Project object */;
}
